
Microsoft Visual Studio Solution File, Format Version 12.00
# Visual Studio Version 17
VisualStudioVersion = 17.13.35913.81
MinimumVisualStudioVersion = 10.0.40219.1
Project("{2150E333-8FDC-42A3-9474-1A3956D46DE8}") = "01.HospitalDatabase", "01.HospitalDatabase", "{02EA681E-C7D8-13C7-8484-4AC65E1B71E8}"
EndProject
Project("{FAE04EC0-301F-11D3-BF4B-00C04F79EFBC}") = "P01_HospitalDatabase", "01.HospitalDatabase\P01_HospitalDatabase\P01_HospitalDatabase.csproj", "{42076768-CA57-B837-CCB9-EE1EB0044E06}"
EndProject
Project("{FAE04EC0-301F-11D3-BF4B-00C04F79EFBC}") = "P01_HospitalDatabase.Common", "01.HospitalDatabase\P01_HospitalDatabase.Common\P01_HospitalDatabase.Common.csproj", "{72D91697-D6DB-AD76-638C-5BD82FBF7F50}"
EndProject
Project("{FAE04EC0-301F-11D3-BF4B-00C04F79EFBC}") = "P01_HospitalDatabase.Data", "01.HospitalDatabase\P01_HospitalDatabase.Data\P01_HospitalDatabase.Data.csproj", "{68B74D5C-AD8B-9C42-EA24-4FB1728DBD3F}"
EndProject
Project("{FAE04EC0-301F-11D3-BF4B-00C04F79EFBC}") = "P01_HospitalDatabase.Data.Models", "01.HospitalDatabase\P01_HospitalDatabase.Data.Models\P01_HospitalDatabase.Data.Models.csproj", "{46864211-6B0D-48B8-5726-6AE8F8C20CC5}"
EndProject
Project("{2150E333-8FDC-42A3-9474-1A3956D46DE8}") = "02.SalesDatabase", "02.SalesDatabase", "{30B776DB-E664-4DB8-AB1C-461480EE485F}"
EndProject
Project("{FAE04EC0-301F-11D3-BF4B-00C04F79EFBC}") = "P03_SalesDatabase", "02.SalesDatabase\P03_SalesDatabase\P03_SalesDatabase.csproj", "{769AF119-91BB-47B5-BCFA-BD9EBDC3825F}"
EndProject
Project("{FAE04EC0-301F-11D3-BF4B-00C04F79EFBC}") = "P03_SalesDatabase.Common", "02.SalesDatabase\P03_SalesDatabase.Common\P03_SalesDatabase.Common.csproj", "{CCF36D95-EF68-E95C-D988-DC82BA144158}"
EndProject
Project("{FAE04EC0-301F-11D3-BF4B-00C04F79EFBC}") = "P03_SalesDatabase.Data", "02.SalesDatabase\P03_SalesDatabase.Data\P03_SalesDatabase.Data.csproj", "{84D36586-8858-7F25-4771-91D3B84A98A0}"
EndProject
Project("{FAE04EC0-301F-11D3-BF4B-00C04F79EFBC}") = "P03_SalesDatabase.Data.Models", "02.SalesDatabase\P03_SalesDatabase.Data.Models\P03_SalesDatabase.Data.Models.csproj", "{610D9B74-311B-3901-4578-F8CC986FEBB6}"
EndProject
Global
	GlobalSection(SolutionConfigurationPlatforms) = preSolution
		Debug|Any CPU = Debug|Any CPU
		Release|Any CPU = Release|Any CPU
	EndGlobalSection
	GlobalSection(ProjectConfigurationPlatforms) = postSolution
		{42076768-CA57-B837-CCB9-EE1EB0044E06}.Debug|Any CPU.ActiveCfg = Debug|Any CPU
		{42076768-CA57-B837-CCB9-EE1EB0044E06}.Debug|Any CPU.Build.0 = Debug|Any CPU
		{42076768-CA57-B837-CCB9-EE1EB0044E06}.Release|Any CPU.ActiveCfg = Release|Any CPU
		{42076768-CA57-B837-CCB9-EE1EB0044E06}.Release|Any CPU.Build.0 = Release|Any CPU
		{72D91697-D6DB-AD76-638C-5BD82FBF7F50}.Debug|Any CPU.ActiveCfg = Debug|Any CPU
		{72D91697-D6DB-AD76-638C-5BD82FBF7F50}.Debug|Any CPU.Build.0 = Debug|Any CPU
		{72D91697-D6DB-AD76-638C-5BD82FBF7F50}.Release|Any CPU.ActiveCfg = Release|Any CPU
		{72D91697-D6DB-AD76-638C-5BD82FBF7F50}.Release|Any CPU.Build.0 = Release|Any CPU
		{68B74D5C-AD8B-9C42-EA24-4FB1728DBD3F}.Debug|Any CPU.ActiveCfg = Debug|Any CPU
		{68B74D5C-AD8B-9C42-EA24-4FB1728DBD3F}.Debug|Any CPU.Build.0 = Debug|Any CPU
		{68B74D5C-AD8B-9C42-EA24-4FB1728DBD3F}.Release|Any CPU.ActiveCfg = Release|Any CPU
		{68B74D5C-AD8B-9C42-EA24-4FB1728DBD3F}.Release|Any CPU.Build.0 = Release|Any CPU
		{46864211-6B0D-48B8-5726-6AE8F8C20CC5}.Debug|Any CPU.ActiveCfg = Debug|Any CPU
		{46864211-6B0D-48B8-5726-6AE8F8C20CC5}.Debug|Any CPU.Build.0 = Debug|Any CPU
		{46864211-6B0D-48B8-5726-6AE8F8C20CC5}.Release|Any CPU.ActiveCfg = Release|Any CPU
		{46864211-6B0D-48B8-5726-6AE8F8C20CC5}.Release|Any CPU.Build.0 = Release|Any CPU
		{769AF119-91BB-47B5-BCFA-BD9EBDC3825F}.Debug|Any CPU.ActiveCfg = Debug|Any CPU
		{769AF119-91BB-47B5-BCFA-BD9EBDC3825F}.Debug|Any CPU.Build.0 = Debug|Any CPU
		{769AF119-91BB-47B5-BCFA-BD9EBDC3825F}.Release|Any CPU.ActiveCfg = Release|Any CPU
		{769AF119-91BB-47B5-BCFA-BD9EBDC3825F}.Release|Any CPU.Build.0 = Release|Any CPU
		{CCF36D95-EF68-E95C-D988-DC82BA144158}.Debug|Any CPU.ActiveCfg = Debug|Any CPU
		{CCF36D95-EF68-E95C-D988-DC82BA144158}.Debug|Any CPU.Build.0 = Debug|Any CPU
		{CCF36D95-EF68-E95C-D988-DC82BA144158}.Release|Any CPU.ActiveCfg = Release|Any CPU
		{CCF36D95-EF68-E95C-D988-DC82BA144158}.Release|Any CPU.Build.0 = Release|Any CPU
		{84D36586-8858-7F25-4771-91D3B84A98A0}.Debug|Any CPU.ActiveCfg = Debug|Any CPU
		{84D36586-8858-7F25-4771-91D3B84A98A0}.Debug|Any CPU.Build.0 = Debug|Any CPU
		{84D36586-8858-7F25-4771-91D3B84A98A0}.Release|Any CPU.ActiveCfg = Release|Any CPU
		{84D36586-8858-7F25-4771-91D3B84A98A0}.Release|Any CPU.Build.0 = Release|Any CPU
		{610D9B74-311B-3901-4578-F8CC986FEBB6}.Debug|Any CPU.ActiveCfg = Debug|Any CPU
		{610D9B74-311B-3901-4578-F8CC986FEBB6}.Debug|Any CPU.Build.0 = Debug|Any CPU
		{610D9B74-311B-3901-4578-F8CC986FEBB6}.Release|Any CPU.ActiveCfg = Release|Any CPU
		{610D9B74-311B-3901-4578-F8CC986FEBB6}.Release|Any CPU.Build.0 = Release|Any CPU
	EndGlobalSection
	GlobalSection(SolutionProperties) = preSolution
		HideSolutionNode = FALSE
	EndGlobalSection
	GlobalSection(NestedProjects) = preSolution
		{42076768-CA57-B837-CCB9-EE1EB0044E06} = {02EA681E-C7D8-13C7-8484-4AC65E1B71E8}
		{72D91697-D6DB-AD76-638C-5BD82FBF7F50} = {02EA681E-C7D8-13C7-8484-4AC65E1B71E8}
		{68B74D5C-AD8B-9C42-EA24-4FB1728DBD3F} = {02EA681E-C7D8-13C7-8484-4AC65E1B71E8}
		{46864211-6B0D-48B8-5726-6AE8F8C20CC5} = {02EA681E-C7D8-13C7-8484-4AC65E1B71E8}
		{769AF119-91BB-47B5-BCFA-BD9EBDC3825F} = {30B776DB-E664-4DB8-AB1C-461480EE485F}
		{CCF36D95-EF68-E95C-D988-DC82BA144158} = {30B776DB-E664-4DB8-AB1C-461480EE485F}
		{84D36586-8858-7F25-4771-91D3B84A98A0} = {30B776DB-E664-4DB8-AB1C-461480EE485F}
		{610D9B74-311B-3901-4578-F8CC986FEBB6} = {30B776DB-E664-4DB8-AB1C-461480EE485F}
	EndGlobalSection
	GlobalSection(ExtensibilityGlobals) = postSolution
		SolutionGuid = {1A946547-0458-4CD0-8266-BD8012521C33}
	EndGlobalSection
EndGlobal
