
Microsoft Visual Studio Solution File, Format Version 12.00
# Visual Studio Version 17
VisualStudioVersion = 17.12.35728.132
MinimumVisualStudioVersion = 10.0.40219.1
Project("{FAE04EC0-301F-11D3-BF4B-00C04F79EFBC}") = "01.ImportUsers", "01.ImportUsers\01.ImportUsers.csproj", "{609CADA7-A592-4E08-A083-0808B55E73F9}"
EndProject
Project("{FAE04EC0-301F-11D3-BF4B-00C04F79EFBC}") = "02.ImportProducts", "02.ImportProducts\02.ImportProducts.csproj", "{FE822E99-2D07-4CEA-B6BA-9D8846413F75}"
EndProject
Project("{FAE04EC0-301F-11D3-BF4B-00C04F79EFBC}") = "03.ImportCategories", "03.ImportCategories\03.ImportCategories.csproj", "{54B3CA37-DF2C-4A05-87A0-66BE4C09AE07}"
EndProject
Project("{FAE04EC0-301F-11D3-BF4B-00C04F79EFBC}") = "04.ImportCategoriesAndProducts", "04.ImportCategoriesAndProducts\04.ImportCategoriesAndProducts.csproj", "{715EECAD-6805-4BD9-BAF6-48C535E90C7C}"
EndProject
Project("{FAE04EC0-301F-11D3-BF4B-00C04F79EFBC}") = "05.ExportProductsInRange", "05.ExportProductsInRange\05.ExportProductsInRange.csproj", "{D138F255-7C11-4892-AB30-B4062F435BCE}"
EndProject
Project("{FAE04EC0-301F-11D3-BF4B-00C04F79EFBC}") = "06.ExportSoldProducts", "06.ExportSoldProducts\06.ExportSoldProducts.csproj", "{5105D006-39A2-4021-9CDE-31F94D9E763E}"
EndProject
Project("{FAE04EC0-301F-11D3-BF4B-00C04F79EFBC}") = "07.ExportCategoriesByProductsCount", "07.ExportCategoriesByProductsCount\07.ExportCategoriesByProductsCount.csproj", "{E7D37B5A-8BE7-4E80-BCE2-7A3CF8684C45}"
EndProject
Project("{FAE04EC0-301F-11D3-BF4B-00C04F79EFBC}") = "08.ExportUsersAndProducts", "08.ExportUsersAndProducts\08.ExportUsersAndProducts.csproj", "{44D769F4-7CE6-45C6-B570-A4123DF3057F}"
EndProject
Project("{FAE04EC0-301F-11D3-BF4B-00C04F79EFBC}") = "09.ImportSuppliers", "09.ImportSuppliers\09.ImportSuppliers.csproj", "{8DD3654E-8426-4A97-8ED3-EA1541E0FE55}"
EndProject
Project("{FAE04EC0-301F-11D3-BF4B-00C04F79EFBC}") = "10.ImportParts", "10.ImportParts\10.ImportParts.csproj", "{C15971A3-6B6C-4C5D-9981-44771346B3ED}"
EndProject
Project("{FAE04EC0-301F-11D3-BF4B-00C04F79EFBC}") = "11.ImportCars", "11.ImportCars\11.ImportCars.csproj", "{A591A09B-5556-4E50-B08F-A697B5B8A8AF}"
EndProject
Project("{FAE04EC0-301F-11D3-BF4B-00C04F79EFBC}") = "12.ImportCustomers", "12.ImportCustomers\12.ImportCustomers.csproj", "{B589670D-E6EE-45F7-AEFB-FECCBC81D63D}"
EndProject
Project("{FAE04EC0-301F-11D3-BF4B-00C04F79EFBC}") = "13.ImportSales", "13.ImportSales\13.ImportSales.csproj", "{F3313E3D-041D-4690-8A8E-D593DDA8C072}"
EndProject
Project("{FAE04EC0-301F-11D3-BF4B-00C04F79EFBC}") = "14.ExportCarsWithDistance", "14.ExportCarsWithDistance\14.ExportCarsWithDistance.csproj", "{33F7D46E-25F1-4195-B355-665EDABF4619}"
EndProject
Project("{FAE04EC0-301F-11D3-BF4B-00C04F79EFBC}") = "15.ExportCarsFromMakeBMW", "15.ExportCarsFromMakeBMW\15.ExportCarsFromMakeBMW.csproj", "{F1F4C78E-9355-4B0B-B207-42071E48068F}"
EndProject
Project("{FAE04EC0-301F-11D3-BF4B-00C04F79EFBC}") = "16.ExportLocalSuppliers", "16.ExportLocalSuppliers\16.ExportLocalSuppliers.csproj", "{62C8F8B9-A614-4664-87C5-929C85C5A2CE}"
EndProject
Project("{FAE04EC0-301F-11D3-BF4B-00C04F79EFBC}") = "17.ExportCarsWithTheirListOfParts", "17.ExportCarsWithTheirListOfParts\17.ExportCarsWithTheirListOfParts.csproj", "{A79BC26A-AED5-4DB0-9907-3348F2D09A4F}"
EndProject
Project("{FAE04EC0-301F-11D3-BF4B-00C04F79EFBC}") = "18.ExportTotalSalesByCustomer", "18.ExportTotalSalesByCustomer\18.ExportTotalSalesByCustomer.csproj", "{8A1A0649-58A3-45BD-AB7C-7B9F0AEFBC2C}"
EndProject
Project("{FAE04EC0-301F-11D3-BF4B-00C04F79EFBC}") = "19.ExportSalesWithAppliedDiscount", "19.ExportSalesWithAppliedDiscount\19.ExportSalesWithAppliedDiscount.csproj", "{E9D86E4A-F0E5-4C39-9A3C-18BB7467AA35}"
EndProject
Global
	GlobalSection(SolutionConfigurationPlatforms) = preSolution
		Debug|Any CPU = Debug|Any CPU
		Release|Any CPU = Release|Any CPU
	EndGlobalSection
	GlobalSection(ProjectConfigurationPlatforms) = postSolution
		{609CADA7-A592-4E08-A083-0808B55E73F9}.Debug|Any CPU.ActiveCfg = Debug|Any CPU
		{609CADA7-A592-4E08-A083-0808B55E73F9}.Debug|Any CPU.Build.0 = Debug|Any CPU
		{609CADA7-A592-4E08-A083-0808B55E73F9}.Release|Any CPU.ActiveCfg = Release|Any CPU
		{609CADA7-A592-4E08-A083-0808B55E73F9}.Release|Any CPU.Build.0 = Release|Any CPU
		{8DD3654E-8426-4A97-8ED3-EA1541E0FE55}.Debug|Any CPU.ActiveCfg = Debug|Any CPU
		{8DD3654E-8426-4A97-8ED3-EA1541E0FE55}.Debug|Any CPU.Build.0 = Debug|Any CPU
		{8DD3654E-8426-4A97-8ED3-EA1541E0FE55}.Release|Any CPU.ActiveCfg = Release|Any CPU
		{8DD3654E-8426-4A97-8ED3-EA1541E0FE55}.Release|Any CPU.Build.0 = Release|Any CPU
		{C15971A3-6B6C-4C5D-9981-44771346B3ED}.Debug|Any CPU.ActiveCfg = Debug|Any CPU
		{C15971A3-6B6C-4C5D-9981-44771346B3ED}.Debug|Any CPU.Build.0 = Debug|Any CPU
		{C15971A3-6B6C-4C5D-9981-44771346B3ED}.Release|Any CPU.ActiveCfg = Release|Any CPU
		{C15971A3-6B6C-4C5D-9981-44771346B3ED}.Release|Any CPU.Build.0 = Release|Any CPU
		{A591A09B-5556-4E50-B08F-A697B5B8A8AF}.Debug|Any CPU.ActiveCfg = Debug|Any CPU
		{A591A09B-5556-4E50-B08F-A697B5B8A8AF}.Debug|Any CPU.Build.0 = Debug|Any CPU
		{A591A09B-5556-4E50-B08F-A697B5B8A8AF}.Release|Any CPU.ActiveCfg = Release|Any CPU
		{A591A09B-5556-4E50-B08F-A697B5B8A8AF}.Release|Any CPU.Build.0 = Release|Any CPU
		{B589670D-E6EE-45F7-AEFB-FECCBC81D63D}.Debug|Any CPU.ActiveCfg = Debug|Any CPU
		{B589670D-E6EE-45F7-AEFB-FECCBC81D63D}.Debug|Any CPU.Build.0 = Debug|Any CPU
		{B589670D-E6EE-45F7-AEFB-FECCBC81D63D}.Release|Any CPU.ActiveCfg = Release|Any CPU
		{B589670D-E6EE-45F7-AEFB-FECCBC81D63D}.Release|Any CPU.Build.0 = Release|Any CPU
		{F3313E3D-041D-4690-8A8E-D593DDA8C072}.Debug|Any CPU.ActiveCfg = Debug|Any CPU
		{F3313E3D-041D-4690-8A8E-D593DDA8C072}.Debug|Any CPU.Build.0 = Debug|Any CPU
		{F3313E3D-041D-4690-8A8E-D593DDA8C072}.Release|Any CPU.ActiveCfg = Release|Any CPU
		{F3313E3D-041D-4690-8A8E-D593DDA8C072}.Release|Any CPU.Build.0 = Release|Any CPU
		{33F7D46E-25F1-4195-B355-665EDABF4619}.Debug|Any CPU.ActiveCfg = Debug|Any CPU
		{33F7D46E-25F1-4195-B355-665EDABF4619}.Debug|Any CPU.Build.0 = Debug|Any CPU
		{33F7D46E-25F1-4195-B355-665EDABF4619}.Release|Any CPU.ActiveCfg = Release|Any CPU
		{33F7D46E-25F1-4195-B355-665EDABF4619}.Release|Any CPU.Build.0 = Release|Any CPU
		{F1F4C78E-9355-4B0B-B207-42071E48068F}.Debug|Any CPU.ActiveCfg = Debug|Any CPU
		{F1F4C78E-9355-4B0B-B207-42071E48068F}.Debug|Any CPU.Build.0 = Debug|Any CPU
		{F1F4C78E-9355-4B0B-B207-42071E48068F}.Release|Any CPU.ActiveCfg = Release|Any CPU
		{F1F4C78E-9355-4B0B-B207-42071E48068F}.Release|Any CPU.Build.0 = Release|Any CPU
		{62C8F8B9-A614-4664-87C5-929C85C5A2CE}.Debug|Any CPU.ActiveCfg = Debug|Any CPU
		{62C8F8B9-A614-4664-87C5-929C85C5A2CE}.Debug|Any CPU.Build.0 = Debug|Any CPU
		{62C8F8B9-A614-4664-87C5-929C85C5A2CE}.Release|Any CPU.ActiveCfg = Release|Any CPU
		{62C8F8B9-A614-4664-87C5-929C85C5A2CE}.Release|Any CPU.Build.0 = Release|Any CPU
		{A79BC26A-AED5-4DB0-9907-3348F2D09A4F}.Debug|Any CPU.ActiveCfg = Debug|Any CPU
		{A79BC26A-AED5-4DB0-9907-3348F2D09A4F}.Debug|Any CPU.Build.0 = Debug|Any CPU
		{A79BC26A-AED5-4DB0-9907-3348F2D09A4F}.Release|Any CPU.ActiveCfg = Release|Any CPU
		{A79BC26A-AED5-4DB0-9907-3348F2D09A4F}.Release|Any CPU.Build.0 = Release|Any CPU
		{8A1A0649-58A3-45BD-AB7C-7B9F0AEFBC2C}.Debug|Any CPU.ActiveCfg = Debug|Any CPU
		{8A1A0649-58A3-45BD-AB7C-7B9F0AEFBC2C}.Debug|Any CPU.Build.0 = Debug|Any CPU
		{8A1A0649-58A3-45BD-AB7C-7B9F0AEFBC2C}.Release|Any CPU.ActiveCfg = Release|Any CPU
		{8A1A0649-58A3-45BD-AB7C-7B9F0AEFBC2C}.Release|Any CPU.Build.0 = Release|Any CPU
		{E9D86E4A-F0E5-4C39-9A3C-18BB7467AA35}.Debug|Any CPU.ActiveCfg = Debug|Any CPU
		{E9D86E4A-F0E5-4C39-9A3C-18BB7467AA35}.Debug|Any CPU.Build.0 = Debug|Any CPU
		{E9D86E4A-F0E5-4C39-9A3C-18BB7467AA35}.Release|Any CPU.ActiveCfg = Release|Any CPU
		{E9D86E4A-F0E5-4C39-9A3C-18BB7467AA35}.Release|Any CPU.Build.0 = Release|Any CPU
		{FE822E99-2D07-4CEA-B6BA-9D8846413F75}.Debug|Any CPU.ActiveCfg = Debug|Any CPU
		{FE822E99-2D07-4CEA-B6BA-9D8846413F75}.Debug|Any CPU.Build.0 = Debug|Any CPU
		{FE822E99-2D07-4CEA-B6BA-9D8846413F75}.Release|Any CPU.ActiveCfg = Release|Any CPU
		{FE822E99-2D07-4CEA-B6BA-9D8846413F75}.Release|Any CPU.Build.0 = Release|Any CPU
		{54B3CA37-DF2C-4A05-87A0-66BE4C09AE07}.Debug|Any CPU.ActiveCfg = Debug|Any CPU
		{54B3CA37-DF2C-4A05-87A0-66BE4C09AE07}.Debug|Any CPU.Build.0 = Debug|Any CPU
		{54B3CA37-DF2C-4A05-87A0-66BE4C09AE07}.Release|Any CPU.ActiveCfg = Release|Any CPU
		{54B3CA37-DF2C-4A05-87A0-66BE4C09AE07}.Release|Any CPU.Build.0 = Release|Any CPU
		{715EECAD-6805-4BD9-BAF6-48C535E90C7C}.Debug|Any CPU.ActiveCfg = Debug|Any CPU
		{715EECAD-6805-4BD9-BAF6-48C535E90C7C}.Debug|Any CPU.Build.0 = Debug|Any CPU
		{715EECAD-6805-4BD9-BAF6-48C535E90C7C}.Release|Any CPU.ActiveCfg = Release|Any CPU
		{715EECAD-6805-4BD9-BAF6-48C535E90C7C}.Release|Any CPU.Build.0 = Release|Any CPU
		{D138F255-7C11-4892-AB30-B4062F435BCE}.Debug|Any CPU.ActiveCfg = Debug|Any CPU
		{D138F255-7C11-4892-AB30-B4062F435BCE}.Debug|Any CPU.Build.0 = Debug|Any CPU
		{D138F255-7C11-4892-AB30-B4062F435BCE}.Release|Any CPU.ActiveCfg = Release|Any CPU
		{D138F255-7C11-4892-AB30-B4062F435BCE}.Release|Any CPU.Build.0 = Release|Any CPU
		{5105D006-39A2-4021-9CDE-31F94D9E763E}.Debug|Any CPU.ActiveCfg = Debug|Any CPU
		{5105D006-39A2-4021-9CDE-31F94D9E763E}.Debug|Any CPU.Build.0 = Debug|Any CPU
		{5105D006-39A2-4021-9CDE-31F94D9E763E}.Release|Any CPU.ActiveCfg = Release|Any CPU
		{5105D006-39A2-4021-9CDE-31F94D9E763E}.Release|Any CPU.Build.0 = Release|Any CPU
		{E7D37B5A-8BE7-4E80-BCE2-7A3CF8684C45}.Debug|Any CPU.ActiveCfg = Debug|Any CPU
		{E7D37B5A-8BE7-4E80-BCE2-7A3CF8684C45}.Debug|Any CPU.Build.0 = Debug|Any CPU
		{E7D37B5A-8BE7-4E80-BCE2-7A3CF8684C45}.Release|Any CPU.ActiveCfg = Release|Any CPU
		{E7D37B5A-8BE7-4E80-BCE2-7A3CF8684C45}.Release|Any CPU.Build.0 = Release|Any CPU
		{44D769F4-7CE6-45C6-B570-A4123DF3057F}.Debug|Any CPU.ActiveCfg = Debug|Any CPU
		{44D769F4-7CE6-45C6-B570-A4123DF3057F}.Debug|Any CPU.Build.0 = Debug|Any CPU
		{44D769F4-7CE6-45C6-B570-A4123DF3057F}.Release|Any CPU.ActiveCfg = Release|Any CPU
		{44D769F4-7CE6-45C6-B570-A4123DF3057F}.Release|Any CPU.Build.0 = Release|Any CPU
	EndGlobalSection
	GlobalSection(SolutionProperties) = preSolution
		HideSolutionNode = FALSE
	EndGlobalSection
	GlobalSection(ExtensibilityGlobals) = postSolution
		SolutionGuid = {3AA6CBEA-7748-475C-A74A-1125C89168B9}
	EndGlobalSection
EndGlobal
