
Microsoft Visual Studio Solution File, Format Version 12.00
# Visual Studio Version 17
VisualStudioVersion = 17.13.35825.156 d17.13
MinimumVisualStudioVersion = 10.0.40219.1
Project("{FAE04EC0-301F-11D3-BF4B-00C04F79EFBC}") = "01.AcademicRecordsApp", "01.AcademicRecordsApp\01.AcademicRecordsApp.csproj", "{BF8BF875-AC67-47D8-AD09-82F277A5C36C}"
EndProject
Global
	GlobalSection(SolutionConfigurationPlatforms) = preSolution
		Debug|Any CPU = Debug|Any CPU
		Release|Any CPU = Release|Any CPU
	EndGlobalSection
	GlobalSection(ProjectConfigurationPlatforms) = postSolution
		{BF8BF875-AC67-47D8-AD09-82F277A5C36C}.Debug|Any CPU.ActiveCfg = Debug|Any CPU
		{BF8BF875-AC67-47D8-AD09-82F277A5C36C}.Debug|Any CPU.Build.0 = Debug|Any CPU
		{BF8BF875-AC67-47D8-AD09-82F277A5C36C}.Release|Any CPU.ActiveCfg = Release|Any CPU
		{BF8BF875-AC67-47D8-AD09-82F277A5C36C}.Release|Any CPU.Build.0 = Release|Any CPU
	EndGlobalSection
	GlobalSection(SolutionProperties) = preSolution
		HideSolutionNode = FALSE
	EndGlobalSection
	GlobalSection(ExtensibilityGlobals) = postSolution
		SolutionGuid = {8D4C0D8E-C1FD-4BCE-9E7A-3879A1A9C6A0}
	EndGlobalSection
EndGlobal
