
Microsoft Visual Studio Solution File, Format Version 12.00
# Visual Studio Version 17
VisualStudioVersion = 17.11.35327.3
MinimumVisualStudioVersion = 10.0.40219.1
Project("{FAE04EC0-301F-11D3-BF4B-00C04F79EFBC}") = "01.Persons", "01.Persons\01.Persons.csproj", "{D09B66F3-9C75-48D3-8EF4-343EA1536CF6}"
EndProject
Project("{FAE04EC0-301F-11D3-BF4B-00C04F79EFBC}") = "02.Salary", "02.Salary\02.Salary.csproj", "{4665F2DE-D883-407A-A236-BE15CC841736}"
EndProject
Project("{FAE04EC0-301F-11D3-BF4B-00C04F79EFBC}") = "03.Validation", "03.Validation\03.Validation.csproj", "{A2DFB09C-053C-40B6-9110-23FF69C3A97D}"
EndProject
Project("{FAE04EC0-301F-11D3-BF4B-00C04F79EFBC}") = "04.Team", "04.Team\04.Team.csproj", "{6812CE95-7573-4DA2-A0E8-6330AF6C21A2}"
EndProject
Global
	GlobalSection(SolutionConfigurationPlatforms) = preSolution
		Debug|Any CPU = Debug|Any CPU
		Release|Any CPU = Release|Any CPU
	EndGlobalSection
	GlobalSection(ProjectConfigurationPlatforms) = postSolution
		{D09B66F3-9C75-48D3-8EF4-343EA1536CF6}.Debug|Any CPU.ActiveCfg = Debug|Any CPU
		{D09B66F3-9C75-48D3-8EF4-343EA1536CF6}.Debug|Any CPU.Build.0 = Debug|Any CPU
		{D09B66F3-9C75-48D3-8EF4-343EA1536CF6}.Release|Any CPU.ActiveCfg = Release|Any CPU
		{D09B66F3-9C75-48D3-8EF4-343EA1536CF6}.Release|Any CPU.Build.0 = Release|Any CPU
		{4665F2DE-D883-407A-A236-BE15CC841736}.Debug|Any CPU.ActiveCfg = Debug|Any CPU
		{4665F2DE-D883-407A-A236-BE15CC841736}.Debug|Any CPU.Build.0 = Debug|Any CPU
		{4665F2DE-D883-407A-A236-BE15CC841736}.Release|Any CPU.ActiveCfg = Release|Any CPU
		{4665F2DE-D883-407A-A236-BE15CC841736}.Release|Any CPU.Build.0 = Release|Any CPU
		{A2DFB09C-053C-40B6-9110-23FF69C3A97D}.Debug|Any CPU.ActiveCfg = Debug|Any CPU
		{A2DFB09C-053C-40B6-9110-23FF69C3A97D}.Debug|Any CPU.Build.0 = Debug|Any CPU
		{A2DFB09C-053C-40B6-9110-23FF69C3A97D}.Release|Any CPU.ActiveCfg = Release|Any CPU
		{A2DFB09C-053C-40B6-9110-23FF69C3A97D}.Release|Any CPU.Build.0 = Release|Any CPU
		{6812CE95-7573-4DA2-A0E8-6330AF6C21A2}.Debug|Any CPU.ActiveCfg = Debug|Any CPU
		{6812CE95-7573-4DA2-A0E8-6330AF6C21A2}.Debug|Any CPU.Build.0 = Debug|Any CPU
		{6812CE95-7573-4DA2-A0E8-6330AF6C21A2}.Release|Any CPU.ActiveCfg = Release|Any CPU
		{6812CE95-7573-4DA2-A0E8-6330AF6C21A2}.Release|Any CPU.Build.0 = Release|Any CPU
	EndGlobalSection
	GlobalSection(SolutionProperties) = preSolution
		HideSolutionNode = FALSE
	EndGlobalSection
	GlobalSection(ExtensibilityGlobals) = postSolution
		SolutionGuid = {406487C9-A4D6-4EDF-80F7-85A791E72D08}
	EndGlobalSection
EndGlobal
