
Microsoft Visual Studio Solution File, Format Version 12.00
# Visual Studio Version 17
VisualStudioVersion = 17.9.34902.65
MinimumVisualStudioVersion = 10.0.40219.1
Project("{FAE04EC0-301F-11D3-BF4B-00C04F79EFBC}") = "1.ReverseAString", "1.ReverseAString\1.ReverseAString.csproj", "{1135EFF0-F89D-46EE-A275-4104B9385A7F}"
EndProject
Project("{FAE04EC0-301F-11D3-BF4B-00C04F79EFBC}") = "2.StackSum", "2.StackSum\2.StackSum.csproj", "{8C286D51-B559-49AB-B686-BB3DD87366E4}"
EndProject
Project("{FAE04EC0-301F-11D3-BF4B-00C04F79EFBC}") = "3.SimpleCalculator", "3.SimpleCalculator\3.SimpleCalculator.csproj", "{AFB45B43-FACD-407C-AA24-50E768690BB9}"
EndProject
Project("{FAE04EC0-301F-11D3-BF4B-00C04F79EFBC}") = "4.MatchingBrackets", "4.MatchingBrackets\4.MatchingBrackets.csproj", "{7D41E81E-E670-4474-AAA0-0952720550EE}"
EndProject
Project("{FAE04EC0-301F-11D3-BF4B-00C04F79EFBC}") = "5.PrintEvenNumbers", "5.PrintEvenNumbers\5.PrintEvenNumbers.csproj", "{CE5C94EE-61E3-4E60-A51E-44E1FD2A41C7}"
EndProject
Project("{FAE04EC0-301F-11D3-BF4B-00C04F79EFBC}") = "6. Supermarket", "6. Supermarket\6. Supermarket.csproj", "{60A49677-4FF3-43C7-84D6-B95B8961174B}"
EndProject
Project("{FAE04EC0-301F-11D3-BF4B-00C04F79EFBC}") = "7.HotPotato", "7.HotPotato\7.HotPotato.csproj", "{69A56218-218E-4E93-B617-A29101CE3241}"
EndProject
Project("{FAE04EC0-301F-11D3-BF4B-00C04F79EFBC}") = "8.TrafficJam", "8.TrafficJam\8.TrafficJam.csproj", "{3C117C3C-1F9F-461D-B19F-9B8A9FF49A06}"
EndProject
Global
	GlobalSection(SolutionConfigurationPlatforms) = preSolution
		Debug|Any CPU = Debug|Any CPU
		Release|Any CPU = Release|Any CPU
	EndGlobalSection
	GlobalSection(ProjectConfigurationPlatforms) = postSolution
		{1135EFF0-F89D-46EE-A275-4104B9385A7F}.Debug|Any CPU.ActiveCfg = Debug|Any CPU
		{1135EFF0-F89D-46EE-A275-4104B9385A7F}.Debug|Any CPU.Build.0 = Debug|Any CPU
		{1135EFF0-F89D-46EE-A275-4104B9385A7F}.Release|Any CPU.ActiveCfg = Release|Any CPU
		{1135EFF0-F89D-46EE-A275-4104B9385A7F}.Release|Any CPU.Build.0 = Release|Any CPU
		{8C286D51-B559-49AB-B686-BB3DD87366E4}.Debug|Any CPU.ActiveCfg = Debug|Any CPU
		{8C286D51-B559-49AB-B686-BB3DD87366E4}.Debug|Any CPU.Build.0 = Debug|Any CPU
		{8C286D51-B559-49AB-B686-BB3DD87366E4}.Release|Any CPU.ActiveCfg = Release|Any CPU
		{8C286D51-B559-49AB-B686-BB3DD87366E4}.Release|Any CPU.Build.0 = Release|Any CPU
		{AFB45B43-FACD-407C-AA24-50E768690BB9}.Debug|Any CPU.ActiveCfg = Debug|Any CPU
		{AFB45B43-FACD-407C-AA24-50E768690BB9}.Debug|Any CPU.Build.0 = Debug|Any CPU
		{AFB45B43-FACD-407C-AA24-50E768690BB9}.Release|Any CPU.ActiveCfg = Release|Any CPU
		{AFB45B43-FACD-407C-AA24-50E768690BB9}.Release|Any CPU.Build.0 = Release|Any CPU
		{7D41E81E-E670-4474-AAA0-0952720550EE}.Debug|Any CPU.ActiveCfg = Debug|Any CPU
		{7D41E81E-E670-4474-AAA0-0952720550EE}.Debug|Any CPU.Build.0 = Debug|Any CPU
		{7D41E81E-E670-4474-AAA0-0952720550EE}.Release|Any CPU.ActiveCfg = Release|Any CPU
		{7D41E81E-E670-4474-AAA0-0952720550EE}.Release|Any CPU.Build.0 = Release|Any CPU
		{CE5C94EE-61E3-4E60-A51E-44E1FD2A41C7}.Debug|Any CPU.ActiveCfg = Debug|Any CPU
		{CE5C94EE-61E3-4E60-A51E-44E1FD2A41C7}.Debug|Any CPU.Build.0 = Debug|Any CPU
		{CE5C94EE-61E3-4E60-A51E-44E1FD2A41C7}.Release|Any CPU.ActiveCfg = Release|Any CPU
		{CE5C94EE-61E3-4E60-A51E-44E1FD2A41C7}.Release|Any CPU.Build.0 = Release|Any CPU
		{60A49677-4FF3-43C7-84D6-B95B8961174B}.Debug|Any CPU.ActiveCfg = Debug|Any CPU
		{60A49677-4FF3-43C7-84D6-B95B8961174B}.Debug|Any CPU.Build.0 = Debug|Any CPU
		{60A49677-4FF3-43C7-84D6-B95B8961174B}.Release|Any CPU.ActiveCfg = Release|Any CPU
		{60A49677-4FF3-43C7-84D6-B95B8961174B}.Release|Any CPU.Build.0 = Release|Any CPU
		{69A56218-218E-4E93-B617-A29101CE3241}.Debug|Any CPU.ActiveCfg = Debug|Any CPU
		{69A56218-218E-4E93-B617-A29101CE3241}.Debug|Any CPU.Build.0 = Debug|Any CPU
		{69A56218-218E-4E93-B617-A29101CE3241}.Release|Any CPU.ActiveCfg = Release|Any CPU
		{69A56218-218E-4E93-B617-A29101CE3241}.Release|Any CPU.Build.0 = Release|Any CPU
		{3C117C3C-1F9F-461D-B19F-9B8A9FF49A06}.Debug|Any CPU.ActiveCfg = Debug|Any CPU
		{3C117C3C-1F9F-461D-B19F-9B8A9FF49A06}.Debug|Any CPU.Build.0 = Debug|Any CPU
		{3C117C3C-1F9F-461D-B19F-9B8A9FF49A06}.Release|Any CPU.ActiveCfg = Release|Any CPU
		{3C117C3C-1F9F-461D-B19F-9B8A9FF49A06}.Release|Any CPU.Build.0 = Release|Any CPU
	EndGlobalSection
	GlobalSection(SolutionProperties) = preSolution
		HideSolutionNode = FALSE
	EndGlobalSection
	GlobalSection(ExtensibilityGlobals) = postSolution
		SolutionGuid = {1778C8B2-053D-4BC2-8BCE-D4BCE115D0D7}
	EndGlobalSection
EndGlobal
