
Microsoft Visual Studio Solution File, Format Version 12.00
# Visual Studio Version 17
VisualStudioVersion = 17.13.35825.156
MinimumVisualStudioVersion = 10.0.40219.1
Project("{FAE04EC0-301F-11D3-BF4B-00C04F79EFBC}") = "01.ImportUsers", "01.ImportUsers\01.ImportUsers.csproj", "{20966CA9-B0D0-4862-A70D-44D5C794A86A}"
EndProject
Project("{FAE04EC0-301F-11D3-BF4B-00C04F79EFBC}") = "02.ImportProducts", "02.ImportProducts\02.ImportProducts.csproj", "{16C3EA87-293C-4A81-9716-767D9DB10017}"
EndProject
Project("{FAE04EC0-301F-11D3-BF4B-00C04F79EFBC}") = "03.ImportCategories", "03.ImportCategories\03.ImportCategories.csproj", "{FA861C2C-E151-40E0-BA6D-AE2A69CB0E6D}"
EndProject
Project("{FAE04EC0-301F-11D3-BF4B-00C04F79EFBC}") = "04.ImportCategoriesAndProducts", "04.ImportCategoriesАndProducts\04.ImportCategoriesAndProducts.csproj", "{BA4CC9E5-BF55-4A1C-B8C1-13FF8D5E6B71}"
EndProject
Project("{FAE04EC0-301F-11D3-BF4B-00C04F79EFBC}") = "05.ExportProductsInRange", "05.ExportProductsInRange\05.ExportProductsInRange.csproj", "{FEEC158A-0A6A-4DFC-83A4-4DE3C1099BED}"
EndProject
Project("{FAE04EC0-301F-11D3-BF4B-00C04F79EFBC}") = "06.ExportSoldProducts", "06.ExportSoldProducts\06.ExportSoldProducts.csproj", "{C48AF96F-7CCE-47FB-BD70-FC87DF5F55B0}"
EndProject
Project("{FAE04EC0-301F-11D3-BF4B-00C04F79EFBC}") = "07.ExportCategoriesByProductsCount", "07.ExportCategoriesByProductsCount\07.ExportCategoriesByProductsCount.csproj", "{F291082E-B4B2-4D92-ABFD-7C216366F096}"
EndProject
Project("{FAE04EC0-301F-11D3-BF4B-00C04F79EFBC}") = "08.ExportUsersAndProducts", "08.ExportUsersAndProducts\08.ExportUsersAndProducts.csproj", "{E15D5663-1B77-4B7B-B4FE-C967D6433CDA}"
EndProject
Project("{FAE04EC0-301F-11D3-BF4B-00C04F79EFBC}") = "09.ImportSuppliers", "09.ImportSuppliers\09.ImportSuppliers.csproj", "{7A641F1E-1B91-4861-9E8B-F599B25D48F4}"
EndProject
Project("{FAE04EC0-301F-11D3-BF4B-00C04F79EFBC}") = "10.ImportParts", "10.ImportParts\10.ImportParts.csproj", "{16004E7A-7B46-46D6-9C74-98AE4DAC593B}"
EndProject
Project("{FAE04EC0-301F-11D3-BF4B-00C04F79EFBC}") = "11.ImportCars", "11.ImportCars\11.ImportCars.csproj", "{09BE14EE-E69F-42D4-9B84-A5669D0234B6}"
EndProject
Project("{FAE04EC0-301F-11D3-BF4B-00C04F79EFBC}") = "12.ImportCustomers", "12.ImportCustomers\12.ImportCustomers.csproj", "{4948AD41-130C-43A2-81FA-BEA028C4561F}"
EndProject
Project("{FAE04EC0-301F-11D3-BF4B-00C04F79EFBC}") = "13.ImportSales", "13.ImportSales\13.ImportSales.csproj", "{D89E3D09-5158-4A78-9C60-C18BCE5CBC04}"
EndProject
Project("{FAE04EC0-301F-11D3-BF4B-00C04F79EFBC}") = "14.ExportOrderedCustomers", "14.ExportOrderedCustomers\14.ExportOrderedCustomers.csproj", "{78ABEA13-ABEB-4979-BD57-BEAA2890967D}"
EndProject
Project("{FAE04EC0-301F-11D3-BF4B-00C04F79EFBC}") = "15.ExportCarsFromToyota", "15.ExportCarsFromToyota\15.ExportCarsFromToyota.csproj", "{1D56C0C9-91F7-4557-B54D-B0AF0C8255A8}"
EndProject
Project("{FAE04EC0-301F-11D3-BF4B-00C04F79EFBC}") = "16.ExportLocalSuppliers", "16.ExportLocalSuppliers\16.ExportLocalSuppliers.csproj", "{BDCA305C-3664-4364-9908-96A53664F04D}"
EndProject
Project("{FAE04EC0-301F-11D3-BF4B-00C04F79EFBC}") = "17.ExportCarsWithTheirListOfParts", "17.ExportCarsWithTheirListOfParts\17.ExportCarsWithTheirListOfParts.csproj", "{E9672C58-B3A2-468C-8A00-81943313F552}"
EndProject
Project("{FAE04EC0-301F-11D3-BF4B-00C04F79EFBC}") = "18.ExportTotalSalesByCustomer", "18.ExportTotalSalesByCustomer\18.ExportTotalSalesByCustomer.csproj", "{6C842A2B-C5F6-4125-B8B9-5D97BA67E9BE}"
EndProject
Project("{FAE04EC0-301F-11D3-BF4B-00C04F79EFBC}") = "19.ExportSalesWithAppliedDiscount", "19.ExportSalesWithAppliedDiscount\19.ExportSalesWithAppliedDiscount.csproj", "{7ED7C57F-A533-41D1-9F67-FF654B9642FD}"
EndProject
Global
	GlobalSection(SolutionConfigurationPlatforms) = preSolution
		Debug|Any CPU = Debug|Any CPU
		Release|Any CPU = Release|Any CPU
	EndGlobalSection
	GlobalSection(ProjectConfigurationPlatforms) = postSolution
		{20966CA9-B0D0-4862-A70D-44D5C794A86A}.Debug|Any CPU.ActiveCfg = Debug|Any CPU
		{20966CA9-B0D0-4862-A70D-44D5C794A86A}.Debug|Any CPU.Build.0 = Debug|Any CPU
		{20966CA9-B0D0-4862-A70D-44D5C794A86A}.Release|Any CPU.ActiveCfg = Release|Any CPU
		{20966CA9-B0D0-4862-A70D-44D5C794A86A}.Release|Any CPU.Build.0 = Release|Any CPU
		{16C3EA87-293C-4A81-9716-767D9DB10017}.Debug|Any CPU.ActiveCfg = Debug|Any CPU
		{16C3EA87-293C-4A81-9716-767D9DB10017}.Debug|Any CPU.Build.0 = Debug|Any CPU
		{16C3EA87-293C-4A81-9716-767D9DB10017}.Release|Any CPU.ActiveCfg = Release|Any CPU
		{16C3EA87-293C-4A81-9716-767D9DB10017}.Release|Any CPU.Build.0 = Release|Any CPU
		{FA861C2C-E151-40E0-BA6D-AE2A69CB0E6D}.Debug|Any CPU.ActiveCfg = Debug|Any CPU
		{FA861C2C-E151-40E0-BA6D-AE2A69CB0E6D}.Debug|Any CPU.Build.0 = Debug|Any CPU
		{FA861C2C-E151-40E0-BA6D-AE2A69CB0E6D}.Release|Any CPU.ActiveCfg = Release|Any CPU
		{FA861C2C-E151-40E0-BA6D-AE2A69CB0E6D}.Release|Any CPU.Build.0 = Release|Any CPU
		{BA4CC9E5-BF55-4A1C-B8C1-13FF8D5E6B71}.Debug|Any CPU.ActiveCfg = Debug|Any CPU
		{BA4CC9E5-BF55-4A1C-B8C1-13FF8D5E6B71}.Debug|Any CPU.Build.0 = Debug|Any CPU
		{BA4CC9E5-BF55-4A1C-B8C1-13FF8D5E6B71}.Release|Any CPU.ActiveCfg = Release|Any CPU
		{BA4CC9E5-BF55-4A1C-B8C1-13FF8D5E6B71}.Release|Any CPU.Build.0 = Release|Any CPU
		{FEEC158A-0A6A-4DFC-83A4-4DE3C1099BED}.Debug|Any CPU.ActiveCfg = Debug|Any CPU
		{FEEC158A-0A6A-4DFC-83A4-4DE3C1099BED}.Debug|Any CPU.Build.0 = Debug|Any CPU
		{FEEC158A-0A6A-4DFC-83A4-4DE3C1099BED}.Release|Any CPU.ActiveCfg = Release|Any CPU
		{FEEC158A-0A6A-4DFC-83A4-4DE3C1099BED}.Release|Any CPU.Build.0 = Release|Any CPU
		{C48AF96F-7CCE-47FB-BD70-FC87DF5F55B0}.Debug|Any CPU.ActiveCfg = Debug|Any CPU
		{C48AF96F-7CCE-47FB-BD70-FC87DF5F55B0}.Debug|Any CPU.Build.0 = Debug|Any CPU
		{C48AF96F-7CCE-47FB-BD70-FC87DF5F55B0}.Release|Any CPU.ActiveCfg = Release|Any CPU
		{C48AF96F-7CCE-47FB-BD70-FC87DF5F55B0}.Release|Any CPU.Build.0 = Release|Any CPU
		{F291082E-B4B2-4D92-ABFD-7C216366F096}.Debug|Any CPU.ActiveCfg = Debug|Any CPU
		{F291082E-B4B2-4D92-ABFD-7C216366F096}.Debug|Any CPU.Build.0 = Debug|Any CPU
		{F291082E-B4B2-4D92-ABFD-7C216366F096}.Release|Any CPU.ActiveCfg = Release|Any CPU
		{F291082E-B4B2-4D92-ABFD-7C216366F096}.Release|Any CPU.Build.0 = Release|Any CPU
		{E15D5663-1B77-4B7B-B4FE-C967D6433CDA}.Debug|Any CPU.ActiveCfg = Debug|Any CPU
		{E15D5663-1B77-4B7B-B4FE-C967D6433CDA}.Debug|Any CPU.Build.0 = Debug|Any CPU
		{E15D5663-1B77-4B7B-B4FE-C967D6433CDA}.Release|Any CPU.ActiveCfg = Release|Any CPU
		{E15D5663-1B77-4B7B-B4FE-C967D6433CDA}.Release|Any CPU.Build.0 = Release|Any CPU
		{7A641F1E-1B91-4861-9E8B-F599B25D48F4}.Debug|Any CPU.ActiveCfg = Debug|Any CPU
		{7A641F1E-1B91-4861-9E8B-F599B25D48F4}.Debug|Any CPU.Build.0 = Debug|Any CPU
		{7A641F1E-1B91-4861-9E8B-F599B25D48F4}.Release|Any CPU.ActiveCfg = Release|Any CPU
		{7A641F1E-1B91-4861-9E8B-F599B25D48F4}.Release|Any CPU.Build.0 = Release|Any CPU
		{16004E7A-7B46-46D6-9C74-98AE4DAC593B}.Debug|Any CPU.ActiveCfg = Debug|Any CPU
		{16004E7A-7B46-46D6-9C74-98AE4DAC593B}.Debug|Any CPU.Build.0 = Debug|Any CPU
		{16004E7A-7B46-46D6-9C74-98AE4DAC593B}.Release|Any CPU.ActiveCfg = Release|Any CPU
		{16004E7A-7B46-46D6-9C74-98AE4DAC593B}.Release|Any CPU.Build.0 = Release|Any CPU
		{09BE14EE-E69F-42D4-9B84-A5669D0234B6}.Debug|Any CPU.ActiveCfg = Debug|Any CPU
		{09BE14EE-E69F-42D4-9B84-A5669D0234B6}.Debug|Any CPU.Build.0 = Debug|Any CPU
		{09BE14EE-E69F-42D4-9B84-A5669D0234B6}.Release|Any CPU.ActiveCfg = Release|Any CPU
		{09BE14EE-E69F-42D4-9B84-A5669D0234B6}.Release|Any CPU.Build.0 = Release|Any CPU
		{4948AD41-130C-43A2-81FA-BEA028C4561F}.Debug|Any CPU.ActiveCfg = Debug|Any CPU
		{4948AD41-130C-43A2-81FA-BEA028C4561F}.Debug|Any CPU.Build.0 = Debug|Any CPU
		{4948AD41-130C-43A2-81FA-BEA028C4561F}.Release|Any CPU.ActiveCfg = Release|Any CPU
		{4948AD41-130C-43A2-81FA-BEA028C4561F}.Release|Any CPU.Build.0 = Release|Any CPU
		{D89E3D09-5158-4A78-9C60-C18BCE5CBC04}.Debug|Any CPU.ActiveCfg = Debug|Any CPU
		{D89E3D09-5158-4A78-9C60-C18BCE5CBC04}.Debug|Any CPU.Build.0 = Debug|Any CPU
		{D89E3D09-5158-4A78-9C60-C18BCE5CBC04}.Release|Any CPU.ActiveCfg = Release|Any CPU
		{D89E3D09-5158-4A78-9C60-C18BCE5CBC04}.Release|Any CPU.Build.0 = Release|Any CPU
		{78ABEA13-ABEB-4979-BD57-BEAA2890967D}.Debug|Any CPU.ActiveCfg = Debug|Any CPU
		{78ABEA13-ABEB-4979-BD57-BEAA2890967D}.Debug|Any CPU.Build.0 = Debug|Any CPU
		{78ABEA13-ABEB-4979-BD57-BEAA2890967D}.Release|Any CPU.ActiveCfg = Release|Any CPU
		{78ABEA13-ABEB-4979-BD57-BEAA2890967D}.Release|Any CPU.Build.0 = Release|Any CPU
		{1D56C0C9-91F7-4557-B54D-B0AF0C8255A8}.Debug|Any CPU.ActiveCfg = Debug|Any CPU
		{1D56C0C9-91F7-4557-B54D-B0AF0C8255A8}.Debug|Any CPU.Build.0 = Debug|Any CPU
		{1D56C0C9-91F7-4557-B54D-B0AF0C8255A8}.Release|Any CPU.ActiveCfg = Release|Any CPU
		{1D56C0C9-91F7-4557-B54D-B0AF0C8255A8}.Release|Any CPU.Build.0 = Release|Any CPU
		{BDCA305C-3664-4364-9908-96A53664F04D}.Debug|Any CPU.ActiveCfg = Debug|Any CPU
		{BDCA305C-3664-4364-9908-96A53664F04D}.Debug|Any CPU.Build.0 = Debug|Any CPU
		{BDCA305C-3664-4364-9908-96A53664F04D}.Release|Any CPU.ActiveCfg = Release|Any CPU
		{BDCA305C-3664-4364-9908-96A53664F04D}.Release|Any CPU.Build.0 = Release|Any CPU
		{E9672C58-B3A2-468C-8A00-81943313F552}.Debug|Any CPU.ActiveCfg = Debug|Any CPU
		{E9672C58-B3A2-468C-8A00-81943313F552}.Debug|Any CPU.Build.0 = Debug|Any CPU
		{E9672C58-B3A2-468C-8A00-81943313F552}.Release|Any CPU.ActiveCfg = Release|Any CPU
		{E9672C58-B3A2-468C-8A00-81943313F552}.Release|Any CPU.Build.0 = Release|Any CPU
		{6C842A2B-C5F6-4125-B8B9-5D97BA67E9BE}.Debug|Any CPU.ActiveCfg = Debug|Any CPU
		{6C842A2B-C5F6-4125-B8B9-5D97BA67E9BE}.Debug|Any CPU.Build.0 = Debug|Any CPU
		{6C842A2B-C5F6-4125-B8B9-5D97BA67E9BE}.Release|Any CPU.ActiveCfg = Release|Any CPU
		{6C842A2B-C5F6-4125-B8B9-5D97BA67E9BE}.Release|Any CPU.Build.0 = Release|Any CPU
		{7ED7C57F-A533-41D1-9F67-FF654B9642FD}.Debug|Any CPU.ActiveCfg = Debug|Any CPU
		{7ED7C57F-A533-41D1-9F67-FF654B9642FD}.Debug|Any CPU.Build.0 = Debug|Any CPU
		{7ED7C57F-A533-41D1-9F67-FF654B9642FD}.Release|Any CPU.ActiveCfg = Release|Any CPU
		{7ED7C57F-A533-41D1-9F67-FF654B9642FD}.Release|Any CPU.Build.0 = Release|Any CPU
	EndGlobalSection
	GlobalSection(SolutionProperties) = preSolution
		HideSolutionNode = FALSE
	EndGlobalSection
	GlobalSection(ExtensibilityGlobals) = postSolution
		SolutionGuid = {9A29C8CA-8AE2-44CA-BBA7-23F5CC2703F9}
	EndGlobalSection
EndGlobal
