
Microsoft Visual Studio Solution File, Format Version 12.00
# Visual Studio Version 17
VisualStudioVersion = 17.13.35806.99
MinimumVisualStudioVersion = 10.0.40219.1
Project("{FAE04EC0-301F-11D3-BF4B-00C04F79EFBC}") = "02.DatabaseFirst", "02.DatabaseFirst\02.DatabaseFirst.csproj", "{CF60DC00-593E-4EDB-B750-6E62498762C2}"
EndProject
Project("{FAE04EC0-301F-11D3-BF4B-00C04F79EFBC}") = "03.EmployeesFullInformation", "03.EmployeesFullInformation\03.EmployeesFullInformation.csproj", "{055CC7AA-C26A-4DDE-982F-147B97EFDA3A}"
EndProject
Project("{FAE04EC0-301F-11D3-BF4B-00C04F79EFBC}") = "04.EmployeesWithSalaryOver50000", "04.EmployeesWithSalaryOver50000\04.EmployeesWithSalaryOver50000.csproj", "{7E606F09-A53A-45EA-8378-CE1B1699DC43}"
EndProject
Project("{FAE04EC0-301F-11D3-BF4B-00C04F79EFBC}") = "05.EmployeesFromResearchAndDevelopment", "05.EmployeesFromResearchAndDevelopment\05.EmployeesFromResearchAndDevelopment.csproj", "{3BC554D8-BCF3-4143-9C5E-810801195CCC}"
EndProject
Project("{FAE04EC0-301F-11D3-BF4B-00C04F79EFBC}") = "06.AddingANewAddressAndUpdatingEmployee", "06.AddingANewAddressAndUpdatingEmployee\06.AddingANewAddressAndUpdatingEmployee.csproj", "{6E778695-8C2C-4222-836E-336210B33A15}"
EndProject
Project("{FAE04EC0-301F-11D3-BF4B-00C04F79EFBC}") = "07.EmployeesAndProjects", "07.EmployeesAndProjects\07.EmployeesAndProjects.csproj", "{0A32F5B3-6CF4-48FA-909A-8D98D57025A7}"
EndProject
Project("{FAE04EC0-301F-11D3-BF4B-00C04F79EFBC}") = "08.AddressesByTown", "08.AddressesByTown\08.AddressesByTown.csproj", "{7ED3AB92-9193-41C5-8600-3D2CE2CC7CAB}"
EndProject
Project("{FAE04EC0-301F-11D3-BF4B-00C04F79EFBC}") = "09.Employee147", "09.Employee147\09.Employee147.csproj", "{212752C1-7B79-4978-9060-D587EC264492}"
EndProject
Project("{FAE04EC0-301F-11D3-BF4B-00C04F79EFBC}") = "10.DepartmentsWithMoreThan5Employees", "10.DepartmentsWithMoreThan5Employees\10.DepartmentsWithMoreThan5Employees.csproj", "{C6B16BE1-B36B-48F8-9132-C6FA5456F01D}"
EndProject
Project("{FAE04EC0-301F-11D3-BF4B-00C04F79EFBC}") = "11.FindLatest10Projects", "11.FindLatest10Projects\11.FindLatest10Projects.csproj", "{C028E4F3-6108-4D13-9A65-1A4A36CA02D6}"
EndProject
Project("{FAE04EC0-301F-11D3-BF4B-00C04F79EFBC}") = "12.IncreaseSalaries", "12.IncreaseSalaries\12.IncreaseSalaries.csproj", "{B4B61AFF-B2F0-45F1-B38E-B1B08A5D1564}"
EndProject
Project("{FAE04EC0-301F-11D3-BF4B-00C04F79EFBC}") = "13.FindEmployeesByFirstNameStartingWithSa", "13.FindEmployeesByFirstNameStartingWithSa\13.FindEmployeesByFirstNameStartingWithSa.csproj", "{B6063DB0-3219-4616-9747-E6613349819A}"
EndProject
Project("{FAE04EC0-301F-11D3-BF4B-00C04F79EFBC}") = "14.DeleteProjectById", "14.DeleteProjectById\14.DeleteProjectById.csproj", "{84935019-6B56-4228-8423-275D9156AE86}"
EndProject
Project("{FAE04EC0-301F-11D3-BF4B-00C04F79EFBC}") = "15.RemoveTown", "15.RemoveTown\15.RemoveTown.csproj", "{ED3232EE-74AC-4D24-A631-AD52C0C64E65}"
EndProject
Global
	GlobalSection(SolutionConfigurationPlatforms) = preSolution
		Debug|Any CPU = Debug|Any CPU
		Release|Any CPU = Release|Any CPU
	EndGlobalSection
	GlobalSection(ProjectConfigurationPlatforms) = postSolution
		{CF60DC00-593E-4EDB-B750-6E62498762C2}.Debug|Any CPU.ActiveCfg = Debug|Any CPU
		{CF60DC00-593E-4EDB-B750-6E62498762C2}.Debug|Any CPU.Build.0 = Debug|Any CPU
		{CF60DC00-593E-4EDB-B750-6E62498762C2}.Release|Any CPU.ActiveCfg = Release|Any CPU
		{CF60DC00-593E-4EDB-B750-6E62498762C2}.Release|Any CPU.Build.0 = Release|Any CPU
		{055CC7AA-C26A-4DDE-982F-147B97EFDA3A}.Debug|Any CPU.ActiveCfg = Debug|Any CPU
		{055CC7AA-C26A-4DDE-982F-147B97EFDA3A}.Debug|Any CPU.Build.0 = Debug|Any CPU
		{055CC7AA-C26A-4DDE-982F-147B97EFDA3A}.Release|Any CPU.ActiveCfg = Release|Any CPU
		{055CC7AA-C26A-4DDE-982F-147B97EFDA3A}.Release|Any CPU.Build.0 = Release|Any CPU
		{7E606F09-A53A-45EA-8378-CE1B1699DC43}.Debug|Any CPU.ActiveCfg = Debug|Any CPU
		{7E606F09-A53A-45EA-8378-CE1B1699DC43}.Debug|Any CPU.Build.0 = Debug|Any CPU
		{7E606F09-A53A-45EA-8378-CE1B1699DC43}.Release|Any CPU.ActiveCfg = Release|Any CPU
		{7E606F09-A53A-45EA-8378-CE1B1699DC43}.Release|Any CPU.Build.0 = Release|Any CPU
		{3BC554D8-BCF3-4143-9C5E-810801195CCC}.Debug|Any CPU.ActiveCfg = Debug|Any CPU
		{3BC554D8-BCF3-4143-9C5E-810801195CCC}.Debug|Any CPU.Build.0 = Debug|Any CPU
		{3BC554D8-BCF3-4143-9C5E-810801195CCC}.Release|Any CPU.ActiveCfg = Release|Any CPU
		{3BC554D8-BCF3-4143-9C5E-810801195CCC}.Release|Any CPU.Build.0 = Release|Any CPU
		{6E778695-8C2C-4222-836E-336210B33A15}.Debug|Any CPU.ActiveCfg = Debug|Any CPU
		{6E778695-8C2C-4222-836E-336210B33A15}.Debug|Any CPU.Build.0 = Debug|Any CPU
		{6E778695-8C2C-4222-836E-336210B33A15}.Release|Any CPU.ActiveCfg = Release|Any CPU
		{6E778695-8C2C-4222-836E-336210B33A15}.Release|Any CPU.Build.0 = Release|Any CPU
		{0A32F5B3-6CF4-48FA-909A-8D98D57025A7}.Debug|Any CPU.ActiveCfg = Debug|Any CPU
		{0A32F5B3-6CF4-48FA-909A-8D98D57025A7}.Debug|Any CPU.Build.0 = Debug|Any CPU
		{0A32F5B3-6CF4-48FA-909A-8D98D57025A7}.Release|Any CPU.ActiveCfg = Release|Any CPU
		{0A32F5B3-6CF4-48FA-909A-8D98D57025A7}.Release|Any CPU.Build.0 = Release|Any CPU
		{7ED3AB92-9193-41C5-8600-3D2CE2CC7CAB}.Debug|Any CPU.ActiveCfg = Debug|Any CPU
		{7ED3AB92-9193-41C5-8600-3D2CE2CC7CAB}.Debug|Any CPU.Build.0 = Debug|Any CPU
		{7ED3AB92-9193-41C5-8600-3D2CE2CC7CAB}.Release|Any CPU.ActiveCfg = Release|Any CPU
		{7ED3AB92-9193-41C5-8600-3D2CE2CC7CAB}.Release|Any CPU.Build.0 = Release|Any CPU
		{212752C1-7B79-4978-9060-D587EC264492}.Debug|Any CPU.ActiveCfg = Debug|Any CPU
		{212752C1-7B79-4978-9060-D587EC264492}.Debug|Any CPU.Build.0 = Debug|Any CPU
		{212752C1-7B79-4978-9060-D587EC264492}.Release|Any CPU.ActiveCfg = Release|Any CPU
		{212752C1-7B79-4978-9060-D587EC264492}.Release|Any CPU.Build.0 = Release|Any CPU
		{C6B16BE1-B36B-48F8-9132-C6FA5456F01D}.Debug|Any CPU.ActiveCfg = Debug|Any CPU
		{C6B16BE1-B36B-48F8-9132-C6FA5456F01D}.Debug|Any CPU.Build.0 = Debug|Any CPU
		{C6B16BE1-B36B-48F8-9132-C6FA5456F01D}.Release|Any CPU.ActiveCfg = Release|Any CPU
		{C6B16BE1-B36B-48F8-9132-C6FA5456F01D}.Release|Any CPU.Build.0 = Release|Any CPU
		{C028E4F3-6108-4D13-9A65-1A4A36CA02D6}.Debug|Any CPU.ActiveCfg = Debug|Any CPU
		{C028E4F3-6108-4D13-9A65-1A4A36CA02D6}.Debug|Any CPU.Build.0 = Debug|Any CPU
		{C028E4F3-6108-4D13-9A65-1A4A36CA02D6}.Release|Any CPU.ActiveCfg = Release|Any CPU
		{C028E4F3-6108-4D13-9A65-1A4A36CA02D6}.Release|Any CPU.Build.0 = Release|Any CPU
		{B4B61AFF-B2F0-45F1-B38E-B1B08A5D1564}.Debug|Any CPU.ActiveCfg = Debug|Any CPU
		{B4B61AFF-B2F0-45F1-B38E-B1B08A5D1564}.Debug|Any CPU.Build.0 = Debug|Any CPU
		{B4B61AFF-B2F0-45F1-B38E-B1B08A5D1564}.Release|Any CPU.ActiveCfg = Release|Any CPU
		{B4B61AFF-B2F0-45F1-B38E-B1B08A5D1564}.Release|Any CPU.Build.0 = Release|Any CPU
		{B6063DB0-3219-4616-9747-E6613349819A}.Debug|Any CPU.ActiveCfg = Debug|Any CPU
		{B6063DB0-3219-4616-9747-E6613349819A}.Debug|Any CPU.Build.0 = Debug|Any CPU
		{B6063DB0-3219-4616-9747-E6613349819A}.Release|Any CPU.ActiveCfg = Release|Any CPU
		{B6063DB0-3219-4616-9747-E6613349819A}.Release|Any CPU.Build.0 = Release|Any CPU
		{84935019-6B56-4228-8423-275D9156AE86}.Debug|Any CPU.ActiveCfg = Debug|Any CPU
		{84935019-6B56-4228-8423-275D9156AE86}.Debug|Any CPU.Build.0 = Debug|Any CPU
		{84935019-6B56-4228-8423-275D9156AE86}.Release|Any CPU.ActiveCfg = Release|Any CPU
		{84935019-6B56-4228-8423-275D9156AE86}.Release|Any CPU.Build.0 = Release|Any CPU
		{ED3232EE-74AC-4D24-A631-AD52C0C64E65}.Debug|Any CPU.ActiveCfg = Debug|Any CPU
		{ED3232EE-74AC-4D24-A631-AD52C0C64E65}.Debug|Any CPU.Build.0 = Debug|Any CPU
		{ED3232EE-74AC-4D24-A631-AD52C0C64E65}.Release|Any CPU.ActiveCfg = Release|Any CPU
		{ED3232EE-74AC-4D24-A631-AD52C0C64E65}.Release|Any CPU.Build.0 = Release|Any CPU
	EndGlobalSection
	GlobalSection(SolutionProperties) = preSolution
		HideSolutionNode = FALSE
	EndGlobalSection
	GlobalSection(ExtensibilityGlobals) = postSolution
		SolutionGuid = {E3E8AC1F-BA53-4B43-8DDD-182C806A1483}
	EndGlobalSection
EndGlobal
