
Microsoft Visual Studio Solution File, Format Version 12.00
# Visual Studio Version 17
VisualStudioVersion = 17.13.35806.99 d17.13
MinimumVisualStudioVersion = 10.0.40219.1
Project("{FAE04EC0-301F-11D3-BF4B-00C04F79EFBC}") = "02.DatabaseFirst", "02.DatabaseFirst\02.DatabaseFirst.csproj", "{CF60DC00-593E-4EDB-B750-6E62498762C2}"
EndProject
Project("{FAE04EC0-301F-11D3-BF4B-00C04F79EFBC}") = "03.EmployeesFullInformation", "03.EmployeesFullInformation\03.EmployeesFullInformation.csproj", "{055CC7AA-C26A-4DDE-982F-147B97EFDA3A}"
EndProject
Project("{FAE04EC0-301F-11D3-BF4B-00C04F79EFBC}") = "04.EmployeesWithSalaryOver50000", "04.EmployeesWithSalaryOver50000\04.EmployeesWithSalaryOver50000.csproj", "{7E606F09-A53A-45EA-8378-CE1B1699DC43}"
EndProject
Global
	GlobalSection(SolutionConfigurationPlatforms) = preSolution
		Debug|Any CPU = Debug|Any CPU
		Release|Any CPU = Release|Any CPU
	EndGlobalSection
	GlobalSection(ProjectConfigurationPlatforms) = postSolution
		{CF60DC00-593E-4EDB-B750-6E62498762C2}.Debug|Any CPU.ActiveCfg = Debug|Any CPU
		{CF60DC00-593E-4EDB-B750-6E62498762C2}.Debug|Any CPU.Build.0 = Debug|Any CPU
		{CF60DC00-593E-4EDB-B750-6E62498762C2}.Release|Any CPU.ActiveCfg = Release|Any CPU
		{CF60DC00-593E-4EDB-B750-6E62498762C2}.Release|Any CPU.Build.0 = Release|Any CPU
		{055CC7AA-C26A-4DDE-982F-147B97EFDA3A}.Debug|Any CPU.ActiveCfg = Debug|Any CPU
		{055CC7AA-C26A-4DDE-982F-147B97EFDA3A}.Debug|Any CPU.Build.0 = Debug|Any CPU
		{055CC7AA-C26A-4DDE-982F-147B97EFDA3A}.Release|Any CPU.ActiveCfg = Release|Any CPU
		{055CC7AA-C26A-4DDE-982F-147B97EFDA3A}.Release|Any CPU.Build.0 = Release|Any CPU
		{7E606F09-A53A-45EA-8378-CE1B1699DC43}.Debug|Any CPU.ActiveCfg = Debug|Any CPU
		{7E606F09-A53A-45EA-8378-CE1B1699DC43}.Debug|Any CPU.Build.0 = Debug|Any CPU
		{7E606F09-A53A-45EA-8378-CE1B1699DC43}.Release|Any CPU.ActiveCfg = Release|Any CPU
		{7E606F09-A53A-45EA-8378-CE1B1699DC43}.Release|Any CPU.Build.0 = Release|Any CPU
	EndGlobalSection
	GlobalSection(SolutionProperties) = preSolution
		HideSolutionNode = FALSE
	EndGlobalSection
	GlobalSection(ExtensibilityGlobals) = postSolution
		SolutionGuid = {E3E8AC1F-BA53-4B43-8DDD-182C806A1483}
	EndGlobalSection
EndGlobal
