
Microsoft Visual Studio Solution File, Format Version 12.00
# Visual Studio Version 17
VisualStudioVersion = 17.4.33205.214
MinimumVisualStudioVersion = 10.0.40219.1
Project("{FAE04EC0-301F-11D3-BF4B-00C04F79EFBC}") = "BookShop", "02.AgeRestriction\BookShop\BookShop.csproj", "{05ABA8C7-E9FF-4DD2-9FA7-C17A37174890}"
EndProject
Project("{FAE04EC0-301F-11D3-BF4B-00C04F79EFBC}") = "BookShop.Data", "02.AgeRestriction\BookShop.Data\BookShop.Data.csproj", "{9FF00240-FCE5-4DD9-ABF2-A6CD8D667353}"
EndProject
Project("{FAE04EC0-301F-11D3-BF4B-00C04F79EFBC}") = "BookShop.Initializer", "02.AgeRestriction\BookShop.Initializer\BookShop.Initializer.csproj", "{A02AC7E2-76E4-4DDD-B151-98DB73F8DBAB}"
EndProject
Project("{FAE04EC0-301F-11D3-BF4B-00C04F79EFBC}") = "BookShop.Models", "02.AgeRestriction\BookShop.Models\BookShop.Models.csproj", "{A00A6964-65AB-4584-AFAD-1AEA5EFD878F}"
EndProject
Project("{2150E333-8FDC-42A3-9474-1A3956D46DE8}") = "02.AgeRestriction", "02.AgeRestriction", "{02EA681E-C7D8-13C7-8484-4AC65E1B71E8}"
EndProject
Project("{FAE04EC0-301F-11D3-BF4B-00C04F79EFBC}") = "BookShop.Common", "02.AgeRestriction\BookShop.Common\BookShop.Common.csproj", "{AC4635B1-B156-4A96-B141-372E28A20F98}"
EndProject
Project("{2150E333-8FDC-42A3-9474-1A3956D46DE8}") = "03.GoldenBooks", "03.GoldenBooks", "{E7119185-2B39-4848-BF87-27E3042AF4D2}"
EndProject
Project("{FAE04EC0-301F-11D3-BF4B-00C04F79EFBC}") = "BookShop", "03.GoldenBooks\BookShop\BookShop.csproj", "{8ABAB9D7-20A9-469A-AD00-96DE795E3F9E}"
EndProject
Project("{FAE04EC0-301F-11D3-BF4B-00C04F79EFBC}") = "BookShop.Common", "03.GoldenBooks\BookShop.Common\BookShop.Common.csproj", "{79C32A23-6A17-4593-A18A-82F87A538E6B}"
EndProject
Project("{FAE04EC0-301F-11D3-BF4B-00C04F79EFBC}") = "BookShop.Data", "03.GoldenBooks\BookShop.Data\BookShop.Data.csproj", "{0BEB6A2F-E2B9-4783-85AB-F47A24847F68}"
EndProject
Project("{FAE04EC0-301F-11D3-BF4B-00C04F79EFBC}") = "BookShop.Initializer", "03.GoldenBooks\BookShop.Initializer\BookShop.Initializer.csproj", "{D7839E04-DF9D-491A-A914-8E246EC598F8}"
EndProject
Project("{FAE04EC0-301F-11D3-BF4B-00C04F79EFBC}") = "BookShop.Models", "03.GoldenBooks\BookShop.Models\BookShop.Models.csproj", "{A9AF82E8-2DFE-4485-819D-2D0BDE9032F2}"
EndProject
Project("{2150E333-8FDC-42A3-9474-1A3956D46DE8}") = "04.BooksByPrice", "04.BooksByPrice", "{44D69B34-3F71-4771-BE9A-9F3B2748A7E5}"
EndProject
Project("{FAE04EC0-301F-11D3-BF4B-00C04F79EFBC}") = "BookShop", "04.BooksByPrice\BookShop\BookShop.csproj", "{3A5A1998-8052-46DB-9B01-47E15DAABFB3}"
EndProject
Project("{FAE04EC0-301F-11D3-BF4B-00C04F79EFBC}") = "BookShop.Common", "04.BooksByPrice\BookShop.Common\BookShop.Common.csproj", "{0548CD78-7ED9-496B-9CD0-ECB9627C652C}"
EndProject
Project("{FAE04EC0-301F-11D3-BF4B-00C04F79EFBC}") = "BookShop.Data", "04.BooksByPrice\BookShop.Data\BookShop.Data.csproj", "{A59F1EFC-5A0F-4802-9E10-35C5A54EAE66}"
EndProject
Project("{FAE04EC0-301F-11D3-BF4B-00C04F79EFBC}") = "BookShop.Initializer", "04.BooksByPrice\BookShop.Initializer\BookShop.Initializer.csproj", "{8301249F-07ED-4853-9530-8B88A0D200D3}"
EndProject
Project("{FAE04EC0-301F-11D3-BF4B-00C04F79EFBC}") = "BookShop.Models", "04.BooksByPrice\BookShop.Models\BookShop.Models.csproj", "{0137C3EF-F712-49B2-B235-E1F0D6E2267F}"
EndProject
Project("{2150E333-8FDC-42A3-9474-1A3956D46DE8}") = "05.NotReleasedIn", "05.NotReleasedIn", "{283F9E55-B6CA-4D21-82DE-A0B678F398F0}"
EndProject
Project("{FAE04EC0-301F-11D3-BF4B-00C04F79EFBC}") = "BookShop", "05.NotReleasedIn\BookShop\BookShop.csproj", "{F6F2D67E-2C9E-41F3-BB60-74D6FFB5B10E}"
EndProject
Project("{FAE04EC0-301F-11D3-BF4B-00C04F79EFBC}") = "BookShop.Common", "05.NotReleasedIn\BookShop.Common\BookShop.Common.csproj", "{9E3F3C48-D2FC-4EBF-AACF-D3FB9938B70D}"
EndProject
Project("{FAE04EC0-301F-11D3-BF4B-00C04F79EFBC}") = "BookShop.Data", "05.NotReleasedIn\BookShop.Data\BookShop.Data.csproj", "{1040119F-D0F5-46FB-AD19-F0EFE69892F3}"
EndProject
Project("{FAE04EC0-301F-11D3-BF4B-00C04F79EFBC}") = "BookShop.Initializer", "05.NotReleasedIn\BookShop.Initializer\BookShop.Initializer.csproj", "{0CBBEE94-47C5-4ECD-B51D-B2C628FA3E79}"
EndProject
Project("{FAE04EC0-301F-11D3-BF4B-00C04F79EFBC}") = "BookShop.Models", "05.NotReleasedIn\BookShop.Models\BookShop.Models.csproj", "{B5011900-618E-4784-BAC4-B2ECAA5390B0}"
EndProject
Project("{2150E333-8FDC-42A3-9474-1A3956D46DE8}") = "06.BookTitlesByCategory", "06.BookTitlesByCategory", "{9C4E544F-64C9-433C-8325-13C437BACDD4}"
EndProject
Project("{FAE04EC0-301F-11D3-BF4B-00C04F79EFBC}") = "BookShop", "06.BookTitlesByCategory\BookShop\BookShop.csproj", "{A4F268B4-2CCF-46CD-86F2-696049332D24}"
EndProject
Project("{FAE04EC0-301F-11D3-BF4B-00C04F79EFBC}") = "BookShop.Common", "06.BookTitlesByCategory\BookShop.Common\BookShop.Common.csproj", "{B1D6C0F5-25DC-4E8F-96F9-1B029686E432}"
EndProject
Project("{FAE04EC0-301F-11D3-BF4B-00C04F79EFBC}") = "BookShop.Data", "06.BookTitlesByCategory\BookShop.Data\BookShop.Data.csproj", "{E0E04C26-6BD7-479B-8A7F-2E8AAC86A276}"
EndProject
Project("{FAE04EC0-301F-11D3-BF4B-00C04F79EFBC}") = "BookShop.Initializer", "06.BookTitlesByCategory\BookShop.Initializer\BookShop.Initializer.csproj", "{5B738A43-576B-4CC5-9334-15C922DC90F8}"
EndProject
Project("{FAE04EC0-301F-11D3-BF4B-00C04F79EFBC}") = "BookShop.Models", "06.BookTitlesByCategory\BookShop.Models\BookShop.Models.csproj", "{66F91F24-2DDD-4994-94AB-3C3506F66B4D}"
EndProject
Project("{2150E333-8FDC-42A3-9474-1A3956D46DE8}") = "07.ReleasedBeforeDate", "07.ReleasedBeforeDate", "{B6F98B93-5A32-40A2-B6FC-6DCF59E4BDF5}"
EndProject
Project("{FAE04EC0-301F-11D3-BF4B-00C04F79EFBC}") = "BookShop", "07.ReleasedBeforeDate\BookShop\BookShop.csproj", "{E5E983EE-B8EE-4A07-B496-66EB19A2FCB0}"
EndProject
Project("{FAE04EC0-301F-11D3-BF4B-00C04F79EFBC}") = "BookShop.Common", "07.ReleasedBeforeDate\BookShop.Common\BookShop.Common.csproj", "{F5B6E088-BD5F-436F-95E9-D2D765DB83AF}"
EndProject
Project("{FAE04EC0-301F-11D3-BF4B-00C04F79EFBC}") = "BookShop.Data", "07.ReleasedBeforeDate\BookShop.Data\BookShop.Data.csproj", "{75713D60-01FE-4487-A086-E78E809BFD61}"
EndProject
Project("{FAE04EC0-301F-11D3-BF4B-00C04F79EFBC}") = "BookShop.Initializer", "07.ReleasedBeforeDate\BookShop.Initializer\BookShop.Initializer.csproj", "{D7667F3F-DEC2-4563-928C-DD0E7086FA03}"
EndProject
Project("{FAE04EC0-301F-11D3-BF4B-00C04F79EFBC}") = "BookShop.Models", "07.ReleasedBeforeDate\BookShop.Models\BookShop.Models.csproj", "{55E27C31-A296-412A-A97C-5604183014DB}"
EndProject
Project("{2150E333-8FDC-42A3-9474-1A3956D46DE8}") = "08.AuthorSearch", "08.AuthorSearch", "{7AA501CE-3721-406D-BD09-5BB4AFB0AD59}"
EndProject
Project("{FAE04EC0-301F-11D3-BF4B-00C04F79EFBC}") = "BookShop", "08.AuthorSearch\BookShop\BookShop.csproj", "{AA43DBE6-55F1-412C-BCCA-AD81BA808951}"
EndProject
Project("{FAE04EC0-301F-11D3-BF4B-00C04F79EFBC}") = "BookShop.Common", "08.AuthorSearch\BookShop.Common\BookShop.Common.csproj", "{31BC16FB-62A3-4A15-B313-EE57D92FF4F5}"
EndProject
Project("{FAE04EC0-301F-11D3-BF4B-00C04F79EFBC}") = "BookShop.Data", "08.AuthorSearch\BookShop.Data\BookShop.Data.csproj", "{29449223-7D5D-4F7D-AA4C-D5B1C68C6F63}"
EndProject
Project("{FAE04EC0-301F-11D3-BF4B-00C04F79EFBC}") = "BookShop.Initializer", "08.AuthorSearch\BookShop.Initializer\BookShop.Initializer.csproj", "{EB3FB593-1A7B-4504-B8AB-397D3B3F9D41}"
EndProject
Project("{FAE04EC0-301F-11D3-BF4B-00C04F79EFBC}") = "BookShop.Models", "08.AuthorSearch\BookShop.Models\BookShop.Models.csproj", "{FEDA3A99-B2F3-4443-9AEC-4E3362578565}"
EndProject
Project("{2150E333-8FDC-42A3-9474-1A3956D46DE8}") = "09.BookSearch", "09.BookSearch", "{D6A04F0F-BF28-4E27-A48B-F747338EF702}"
EndProject
Project("{2150E333-8FDC-42A3-9474-1A3956D46DE8}") = "10.BookSearchByAuthor", "10.BookSearchByAuthor", "{12AA20B3-EC84-40E7-B9A5-A58B3EC75C90}"
EndProject
Project("{2150E333-8FDC-42A3-9474-1A3956D46DE8}") = "11.CountBooks", "11.CountBooks", "{479DFBCA-BD27-454F-8628-19E1E9B62A8D}"
EndProject
Project("{2150E333-8FDC-42A3-9474-1A3956D46DE8}") = "12.TotalBookCopies", "12.TotalBookCopies", "{BEF76450-13CF-4503-9229-456D1FC1B3F1}"
EndProject
Project("{2150E333-8FDC-42A3-9474-1A3956D46DE8}") = "13.ProfitByCategory", "13.ProfitByCategory", "{CD2A0965-3CF7-4A10-B431-931D7EF82C7D}"
EndProject
Project("{2150E333-8FDC-42A3-9474-1A3956D46DE8}") = "14.MostRecentBooks", "14.MostRecentBooks", "{CAECC708-6D51-4C6F-B5CD-867BF58D081B}"
EndProject
Project("{2150E333-8FDC-42A3-9474-1A3956D46DE8}") = "15.IncreasePrices", "15.IncreasePrices", "{B1539F9B-B7B1-4054-A2EA-F5DFE36A0A7C}"
EndProject
Project("{2150E333-8FDC-42A3-9474-1A3956D46DE8}") = "16.RemoveBooks", "16.RemoveBooks", "{DDCAE00A-E75F-47EC-A82F-30071CDCCD5A}"
EndProject
Project("{FAE04EC0-301F-11D3-BF4B-00C04F79EFBC}") = "BookShop", "09.BookSearch\BookShop\BookShop.csproj", "{CE45CCF3-DD34-488D-B3AB-E7D84E8D8D63}"
EndProject
Project("{FAE04EC0-301F-11D3-BF4B-00C04F79EFBC}") = "BookShop.Common", "09.BookSearch\BookShop.Common\BookShop.Common.csproj", "{EB739C78-572E-453A-95BE-9EF97B691BCA}"
EndProject
Project("{FAE04EC0-301F-11D3-BF4B-00C04F79EFBC}") = "BookShop.Data", "09.BookSearch\BookShop.Data\BookShop.Data.csproj", "{A860B6C0-30D3-4808-BBF6-49B9FEAFF34A}"
EndProject
Project("{FAE04EC0-301F-11D3-BF4B-00C04F79EFBC}") = "BookShop.Initializer", "09.BookSearch\BookShop.Initializer\BookShop.Initializer.csproj", "{2FCAD827-F8F9-49DA-9519-5BE439D31A1C}"
EndProject
Project("{FAE04EC0-301F-11D3-BF4B-00C04F79EFBC}") = "BookShop.Models", "09.BookSearch\BookShop.Models\BookShop.Models.csproj", "{5176CC78-2F4F-4939-993D-B25BA485E348}"
EndProject
Project("{FAE04EC0-301F-11D3-BF4B-00C04F79EFBC}") = "BookShop", "10.BookSearchByAuthor\BookShop\BookShop.csproj", "{467CEF7E-CF70-486A-924C-B2323E0BC655}"
EndProject
Project("{FAE04EC0-301F-11D3-BF4B-00C04F79EFBC}") = "BookShop.Common", "10.BookSearchByAuthor\BookShop.Common\BookShop.Common.csproj", "{1CD80CF1-81CA-40DF-A2A7-CB7A7EFCDF98}"
EndProject
Project("{FAE04EC0-301F-11D3-BF4B-00C04F79EFBC}") = "BookShop.Data", "10.BookSearchByAuthor\BookShop.Data\BookShop.Data.csproj", "{C50784A4-C4A3-4DCC-B944-B25D916B09D8}"
EndProject
Project("{FAE04EC0-301F-11D3-BF4B-00C04F79EFBC}") = "BookShop.Initializer", "10.BookSearchByAuthor\BookShop.Initializer\BookShop.Initializer.csproj", "{1272120B-497D-4C21-9964-7808CCC18E2B}"
EndProject
Project("{FAE04EC0-301F-11D3-BF4B-00C04F79EFBC}") = "BookShop.Models", "10.BookSearchByAuthor\BookShop.Models\BookShop.Models.csproj", "{F3B9546A-8AAE-4929-8A70-85301FDA2162}"
EndProject
Project("{FAE04EC0-301F-11D3-BF4B-00C04F79EFBC}") = "BookShop", "11.CountBooks\BookShop\BookShop.csproj", "{F5572C8F-FB22-493D-AC5C-7BC214D87C39}"
EndProject
Project("{FAE04EC0-301F-11D3-BF4B-00C04F79EFBC}") = "BookShop.Common", "11.CountBooks\BookShop.Common\BookShop.Common.csproj", "{A196E95B-396B-46B3-8900-3E40E2092FA1}"
EndProject
Project("{FAE04EC0-301F-11D3-BF4B-00C04F79EFBC}") = "BookShop.Data", "11.CountBooks\BookShop.Data\BookShop.Data.csproj", "{80B2F2B4-4C85-49CB-9521-ACFC80B72A5B}"
EndProject
Project("{FAE04EC0-301F-11D3-BF4B-00C04F79EFBC}") = "BookShop.Initializer", "11.CountBooks\BookShop.Initializer\BookShop.Initializer.csproj", "{1486553C-C425-49B4-A582-C9448DAF8FBA}"
EndProject
Project("{FAE04EC0-301F-11D3-BF4B-00C04F79EFBC}") = "BookShop.Models", "11.CountBooks\BookShop.Models\BookShop.Models.csproj", "{87E9E2DB-0D0B-4F6E-9940-51B69A70CE3F}"
EndProject
Project("{FAE04EC0-301F-11D3-BF4B-00C04F79EFBC}") = "BookShop", "12.TotalBookCopies\BookShop\BookShop.csproj", "{7A586975-9714-4D35-ABDA-7B81D18CAF2B}"
EndProject
Project("{FAE04EC0-301F-11D3-BF4B-00C04F79EFBC}") = "BookShop.Common", "12.TotalBookCopies\BookShop.Common\BookShop.Common.csproj", "{CB4A3BAE-001B-4D66-8C7B-58E35E7224C8}"
EndProject
Project("{FAE04EC0-301F-11D3-BF4B-00C04F79EFBC}") = "BookShop.Data", "12.TotalBookCopies\BookShop.Data\BookShop.Data.csproj", "{02136177-E001-484A-9452-98E6A5BE6806}"
EndProject
Project("{FAE04EC0-301F-11D3-BF4B-00C04F79EFBC}") = "BookShop.Initializer", "12.TotalBookCopies\BookShop.Initializer\BookShop.Initializer.csproj", "{9DB34C97-7196-4BD9-84F9-F2A68803B9C6}"
EndProject
Project("{FAE04EC0-301F-11D3-BF4B-00C04F79EFBC}") = "BookShop.Models", "12.TotalBookCopies\BookShop.Models\BookShop.Models.csproj", "{D90E4644-21FC-4072-B053-5BD1057F80CA}"
EndProject
Project("{FAE04EC0-301F-11D3-BF4B-00C04F79EFBC}") = "BookShop", "13.ProfitByCategory\BookShop\BookShop.csproj", "{F2A10CCC-19D3-4189-A14F-A0B584280A9F}"
EndProject
Project("{FAE04EC0-301F-11D3-BF4B-00C04F79EFBC}") = "BookShop.Common", "13.ProfitByCategory\BookShop.Common\BookShop.Common.csproj", "{790FBCE4-F5E4-4535-A6D9-01F26D1492B6}"
EndProject
Project("{FAE04EC0-301F-11D3-BF4B-00C04F79EFBC}") = "BookShop.Data", "13.ProfitByCategory\BookShop.Data\BookShop.Data.csproj", "{2A970E29-8022-45E0-BAF2-438FF47F95EB}"
EndProject
Project("{FAE04EC0-301F-11D3-BF4B-00C04F79EFBC}") = "BookShop.Initializer", "13.ProfitByCategory\BookShop.Initializer\BookShop.Initializer.csproj", "{6FC494CB-526B-48B4-8B5C-CEEB4270AFE1}"
EndProject
Project("{FAE04EC0-301F-11D3-BF4B-00C04F79EFBC}") = "BookShop.Models", "13.ProfitByCategory\BookShop.Models\BookShop.Models.csproj", "{F17BFB76-69E8-42A8-9C72-5846887863AE}"
EndProject
Project("{FAE04EC0-301F-11D3-BF4B-00C04F79EFBC}") = "BookShop", "14.MostRecentBooks\BookShop\BookShop.csproj", "{5962EA00-0EF3-49C2-AE02-C209BE37237D}"
EndProject
Project("{FAE04EC0-301F-11D3-BF4B-00C04F79EFBC}") = "BookShop.Common", "14.MostRecentBooks\BookShop.Common\BookShop.Common.csproj", "{519E2B69-4583-4A77-8EB9-7536D5056683}"
EndProject
Project("{FAE04EC0-301F-11D3-BF4B-00C04F79EFBC}") = "BookShop.Data", "14.MostRecentBooks\BookShop.Data\BookShop.Data.csproj", "{96431C41-0348-440C-AA23-B1E646934DB1}"
EndProject
Project("{FAE04EC0-301F-11D3-BF4B-00C04F79EFBC}") = "BookShop.Initializer", "14.MostRecentBooks\BookShop.Initializer\BookShop.Initializer.csproj", "{39F9098F-E615-40B1-B27C-ED248F37B56B}"
EndProject
Project("{FAE04EC0-301F-11D3-BF4B-00C04F79EFBC}") = "BookShop.Models", "14.MostRecentBooks\BookShop.Models\BookShop.Models.csproj", "{B6062EF3-BB3F-4C9B-9908-8DDAF9677697}"
EndProject
Project("{FAE04EC0-301F-11D3-BF4B-00C04F79EFBC}") = "BookShop", "15.IncreasePrices\BookShop\BookShop.csproj", "{A3E5F797-C857-4739-B3F6-E4B74E5984CF}"
EndProject
Project("{FAE04EC0-301F-11D3-BF4B-00C04F79EFBC}") = "BookShop.Common", "15.IncreasePrices\BookShop.Common\BookShop.Common.csproj", "{F3C3DC21-26C4-4AA1-9646-1FB1806B2FE8}"
EndProject
Project("{FAE04EC0-301F-11D3-BF4B-00C04F79EFBC}") = "BookShop.Data", "15.IncreasePrices\BookShop.Data\BookShop.Data.csproj", "{35FBA12C-02F2-445A-8A7B-396B97895CCA}"
EndProject
Project("{FAE04EC0-301F-11D3-BF4B-00C04F79EFBC}") = "BookShop.Initializer", "15.IncreasePrices\BookShop.Initializer\BookShop.Initializer.csproj", "{6AD84AD5-6D45-4EF0-80C1-70E03A396710}"
EndProject
Project("{FAE04EC0-301F-11D3-BF4B-00C04F79EFBC}") = "BookShop.Models", "15.IncreasePrices\BookShop.Models\BookShop.Models.csproj", "{D84053C8-F542-4AE6-8CB2-2AF48501EE27}"
EndProject
Project("{FAE04EC0-301F-11D3-BF4B-00C04F79EFBC}") = "BookShop", "16.RemoveBooks\BookShop\BookShop.csproj", "{C2D9D8AA-753E-40C3-8800-09674F79AF42}"
EndProject
Project("{FAE04EC0-301F-11D3-BF4B-00C04F79EFBC}") = "BookShop.Common", "16.RemoveBooks\BookShop.Common\BookShop.Common.csproj", "{5BB4276E-BF17-43B2-9AE9-014F575EC826}"
EndProject
Project("{FAE04EC0-301F-11D3-BF4B-00C04F79EFBC}") = "BookShop.Data", "16.RemoveBooks\BookShop.Data\BookShop.Data.csproj", "{833C0B1E-C4CA-4D69-BD2F-60AAFB544664}"
EndProject
Project("{FAE04EC0-301F-11D3-BF4B-00C04F79EFBC}") = "BookShop.Initializer", "16.RemoveBooks\BookShop.Initializer\BookShop.Initializer.csproj", "{6B6EC252-C3B8-4420-9FA1-6CD62F68B467}"
EndProject
Project("{FAE04EC0-301F-11D3-BF4B-00C04F79EFBC}") = "BookShop.Models", "16.RemoveBooks\BookShop.Models\BookShop.Models.csproj", "{7BE4695E-CAB7-48DC-A05F-BFDC87DCF72A}"
EndProject
Global
	GlobalSection(SolutionConfigurationPlatforms) = preSolution
		Debug|Any CPU = Debug|Any CPU
		Release|Any CPU = Release|Any CPU
	EndGlobalSection
	GlobalSection(ProjectConfigurationPlatforms) = postSolution
		{05ABA8C7-E9FF-4DD2-9FA7-C17A37174890}.Debug|Any CPU.ActiveCfg = Debug|Any CPU
		{05ABA8C7-E9FF-4DD2-9FA7-C17A37174890}.Debug|Any CPU.Build.0 = Debug|Any CPU
		{05ABA8C7-E9FF-4DD2-9FA7-C17A37174890}.Release|Any CPU.ActiveCfg = Release|Any CPU
		{05ABA8C7-E9FF-4DD2-9FA7-C17A37174890}.Release|Any CPU.Build.0 = Release|Any CPU
		{9FF00240-FCE5-4DD9-ABF2-A6CD8D667353}.Debug|Any CPU.ActiveCfg = Debug|Any CPU
		{9FF00240-FCE5-4DD9-ABF2-A6CD8D667353}.Debug|Any CPU.Build.0 = Debug|Any CPU
		{9FF00240-FCE5-4DD9-ABF2-A6CD8D667353}.Release|Any CPU.ActiveCfg = Release|Any CPU
		{9FF00240-FCE5-4DD9-ABF2-A6CD8D667353}.Release|Any CPU.Build.0 = Release|Any CPU
		{A02AC7E2-76E4-4DDD-B151-98DB73F8DBAB}.Debug|Any CPU.ActiveCfg = Debug|Any CPU
		{A02AC7E2-76E4-4DDD-B151-98DB73F8DBAB}.Debug|Any CPU.Build.0 = Debug|Any CPU
		{A02AC7E2-76E4-4DDD-B151-98DB73F8DBAB}.Release|Any CPU.ActiveCfg = Release|Any CPU
		{A02AC7E2-76E4-4DDD-B151-98DB73F8DBAB}.Release|Any CPU.Build.0 = Release|Any CPU
		{A00A6964-65AB-4584-AFAD-1AEA5EFD878F}.Debug|Any CPU.ActiveCfg = Debug|Any CPU
		{A00A6964-65AB-4584-AFAD-1AEA5EFD878F}.Debug|Any CPU.Build.0 = Debug|Any CPU
		{A00A6964-65AB-4584-AFAD-1AEA5EFD878F}.Release|Any CPU.ActiveCfg = Release|Any CPU
		{A00A6964-65AB-4584-AFAD-1AEA5EFD878F}.Release|Any CPU.Build.0 = Release|Any CPU
		{AC4635B1-B156-4A96-B141-372E28A20F98}.Debug|Any CPU.ActiveCfg = Debug|Any CPU
		{AC4635B1-B156-4A96-B141-372E28A20F98}.Debug|Any CPU.Build.0 = Debug|Any CPU
		{AC4635B1-B156-4A96-B141-372E28A20F98}.Release|Any CPU.ActiveCfg = Release|Any CPU
		{AC4635B1-B156-4A96-B141-372E28A20F98}.Release|Any CPU.Build.0 = Release|Any CPU
		{8ABAB9D7-20A9-469A-AD00-96DE795E3F9E}.Debug|Any CPU.ActiveCfg = Debug|Any CPU
		{8ABAB9D7-20A9-469A-AD00-96DE795E3F9E}.Debug|Any CPU.Build.0 = Debug|Any CPU
		{8ABAB9D7-20A9-469A-AD00-96DE795E3F9E}.Release|Any CPU.ActiveCfg = Release|Any CPU
		{8ABAB9D7-20A9-469A-AD00-96DE795E3F9E}.Release|Any CPU.Build.0 = Release|Any CPU
		{79C32A23-6A17-4593-A18A-82F87A538E6B}.Debug|Any CPU.ActiveCfg = Debug|Any CPU
		{79C32A23-6A17-4593-A18A-82F87A538E6B}.Debug|Any CPU.Build.0 = Debug|Any CPU
		{79C32A23-6A17-4593-A18A-82F87A538E6B}.Release|Any CPU.ActiveCfg = Release|Any CPU
		{79C32A23-6A17-4593-A18A-82F87A538E6B}.Release|Any CPU.Build.0 = Release|Any CPU
		{0BEB6A2F-E2B9-4783-85AB-F47A24847F68}.Debug|Any CPU.ActiveCfg = Debug|Any CPU
		{0BEB6A2F-E2B9-4783-85AB-F47A24847F68}.Debug|Any CPU.Build.0 = Debug|Any CPU
		{0BEB6A2F-E2B9-4783-85AB-F47A24847F68}.Release|Any CPU.ActiveCfg = Release|Any CPU
		{0BEB6A2F-E2B9-4783-85AB-F47A24847F68}.Release|Any CPU.Build.0 = Release|Any CPU
		{D7839E04-DF9D-491A-A914-8E246EC598F8}.Debug|Any CPU.ActiveCfg = Debug|Any CPU
		{D7839E04-DF9D-491A-A914-8E246EC598F8}.Debug|Any CPU.Build.0 = Debug|Any CPU
		{D7839E04-DF9D-491A-A914-8E246EC598F8}.Release|Any CPU.ActiveCfg = Release|Any CPU
		{D7839E04-DF9D-491A-A914-8E246EC598F8}.Release|Any CPU.Build.0 = Release|Any CPU
		{A9AF82E8-2DFE-4485-819D-2D0BDE9032F2}.Debug|Any CPU.ActiveCfg = Debug|Any CPU
		{A9AF82E8-2DFE-4485-819D-2D0BDE9032F2}.Debug|Any CPU.Build.0 = Debug|Any CPU
		{A9AF82E8-2DFE-4485-819D-2D0BDE9032F2}.Release|Any CPU.ActiveCfg = Release|Any CPU
		{A9AF82E8-2DFE-4485-819D-2D0BDE9032F2}.Release|Any CPU.Build.0 = Release|Any CPU
		{3A5A1998-8052-46DB-9B01-47E15DAABFB3}.Debug|Any CPU.ActiveCfg = Debug|Any CPU
		{3A5A1998-8052-46DB-9B01-47E15DAABFB3}.Debug|Any CPU.Build.0 = Debug|Any CPU
		{3A5A1998-8052-46DB-9B01-47E15DAABFB3}.Release|Any CPU.ActiveCfg = Release|Any CPU
		{3A5A1998-8052-46DB-9B01-47E15DAABFB3}.Release|Any CPU.Build.0 = Release|Any CPU
		{0548CD78-7ED9-496B-9CD0-ECB9627C652C}.Debug|Any CPU.ActiveCfg = Debug|Any CPU
		{0548CD78-7ED9-496B-9CD0-ECB9627C652C}.Debug|Any CPU.Build.0 = Debug|Any CPU
		{0548CD78-7ED9-496B-9CD0-ECB9627C652C}.Release|Any CPU.ActiveCfg = Release|Any CPU
		{0548CD78-7ED9-496B-9CD0-ECB9627C652C}.Release|Any CPU.Build.0 = Release|Any CPU
		{A59F1EFC-5A0F-4802-9E10-35C5A54EAE66}.Debug|Any CPU.ActiveCfg = Debug|Any CPU
		{A59F1EFC-5A0F-4802-9E10-35C5A54EAE66}.Debug|Any CPU.Build.0 = Debug|Any CPU
		{A59F1EFC-5A0F-4802-9E10-35C5A54EAE66}.Release|Any CPU.ActiveCfg = Release|Any CPU
		{A59F1EFC-5A0F-4802-9E10-35C5A54EAE66}.Release|Any CPU.Build.0 = Release|Any CPU
		{8301249F-07ED-4853-9530-8B88A0D200D3}.Debug|Any CPU.ActiveCfg = Debug|Any CPU
		{8301249F-07ED-4853-9530-8B88A0D200D3}.Debug|Any CPU.Build.0 = Debug|Any CPU
		{8301249F-07ED-4853-9530-8B88A0D200D3}.Release|Any CPU.ActiveCfg = Release|Any CPU
		{8301249F-07ED-4853-9530-8B88A0D200D3}.Release|Any CPU.Build.0 = Release|Any CPU
		{0137C3EF-F712-49B2-B235-E1F0D6E2267F}.Debug|Any CPU.ActiveCfg = Debug|Any CPU
		{0137C3EF-F712-49B2-B235-E1F0D6E2267F}.Debug|Any CPU.Build.0 = Debug|Any CPU
		{0137C3EF-F712-49B2-B235-E1F0D6E2267F}.Release|Any CPU.ActiveCfg = Release|Any CPU
		{0137C3EF-F712-49B2-B235-E1F0D6E2267F}.Release|Any CPU.Build.0 = Release|Any CPU
		{F6F2D67E-2C9E-41F3-BB60-74D6FFB5B10E}.Debug|Any CPU.ActiveCfg = Debug|Any CPU
		{F6F2D67E-2C9E-41F3-BB60-74D6FFB5B10E}.Debug|Any CPU.Build.0 = Debug|Any CPU
		{F6F2D67E-2C9E-41F3-BB60-74D6FFB5B10E}.Release|Any CPU.ActiveCfg = Release|Any CPU
		{F6F2D67E-2C9E-41F3-BB60-74D6FFB5B10E}.Release|Any CPU.Build.0 = Release|Any CPU
		{9E3F3C48-D2FC-4EBF-AACF-D3FB9938B70D}.Debug|Any CPU.ActiveCfg = Debug|Any CPU
		{9E3F3C48-D2FC-4EBF-AACF-D3FB9938B70D}.Debug|Any CPU.Build.0 = Debug|Any CPU
		{9E3F3C48-D2FC-4EBF-AACF-D3FB9938B70D}.Release|Any CPU.ActiveCfg = Release|Any CPU
		{9E3F3C48-D2FC-4EBF-AACF-D3FB9938B70D}.Release|Any CPU.Build.0 = Release|Any CPU
		{1040119F-D0F5-46FB-AD19-F0EFE69892F3}.Debug|Any CPU.ActiveCfg = Debug|Any CPU
		{1040119F-D0F5-46FB-AD19-F0EFE69892F3}.Debug|Any CPU.Build.0 = Debug|Any CPU
		{1040119F-D0F5-46FB-AD19-F0EFE69892F3}.Release|Any CPU.ActiveCfg = Release|Any CPU
		{1040119F-D0F5-46FB-AD19-F0EFE69892F3}.Release|Any CPU.Build.0 = Release|Any CPU
		{0CBBEE94-47C5-4ECD-B51D-B2C628FA3E79}.Debug|Any CPU.ActiveCfg = Debug|Any CPU
		{0CBBEE94-47C5-4ECD-B51D-B2C628FA3E79}.Debug|Any CPU.Build.0 = Debug|Any CPU
		{0CBBEE94-47C5-4ECD-B51D-B2C628FA3E79}.Release|Any CPU.ActiveCfg = Release|Any CPU
		{0CBBEE94-47C5-4ECD-B51D-B2C628FA3E79}.Release|Any CPU.Build.0 = Release|Any CPU
		{B5011900-618E-4784-BAC4-B2ECAA5390B0}.Debug|Any CPU.ActiveCfg = Debug|Any CPU
		{B5011900-618E-4784-BAC4-B2ECAA5390B0}.Debug|Any CPU.Build.0 = Debug|Any CPU
		{B5011900-618E-4784-BAC4-B2ECAA5390B0}.Release|Any CPU.ActiveCfg = Release|Any CPU
		{B5011900-618E-4784-BAC4-B2ECAA5390B0}.Release|Any CPU.Build.0 = Release|Any CPU
		{A4F268B4-2CCF-46CD-86F2-696049332D24}.Debug|Any CPU.ActiveCfg = Debug|Any CPU
		{A4F268B4-2CCF-46CD-86F2-696049332D24}.Debug|Any CPU.Build.0 = Debug|Any CPU
		{A4F268B4-2CCF-46CD-86F2-696049332D24}.Release|Any CPU.ActiveCfg = Release|Any CPU
		{A4F268B4-2CCF-46CD-86F2-696049332D24}.Release|Any CPU.Build.0 = Release|Any CPU
		{B1D6C0F5-25DC-4E8F-96F9-1B029686E432}.Debug|Any CPU.ActiveCfg = Debug|Any CPU
		{B1D6C0F5-25DC-4E8F-96F9-1B029686E432}.Debug|Any CPU.Build.0 = Debug|Any CPU
		{B1D6C0F5-25DC-4E8F-96F9-1B029686E432}.Release|Any CPU.ActiveCfg = Release|Any CPU
		{B1D6C0F5-25DC-4E8F-96F9-1B029686E432}.Release|Any CPU.Build.0 = Release|Any CPU
		{E0E04C26-6BD7-479B-8A7F-2E8AAC86A276}.Debug|Any CPU.ActiveCfg = Debug|Any CPU
		{E0E04C26-6BD7-479B-8A7F-2E8AAC86A276}.Debug|Any CPU.Build.0 = Debug|Any CPU
		{E0E04C26-6BD7-479B-8A7F-2E8AAC86A276}.Release|Any CPU.ActiveCfg = Release|Any CPU
		{E0E04C26-6BD7-479B-8A7F-2E8AAC86A276}.Release|Any CPU.Build.0 = Release|Any CPU
		{5B738A43-576B-4CC5-9334-15C922DC90F8}.Debug|Any CPU.ActiveCfg = Debug|Any CPU
		{5B738A43-576B-4CC5-9334-15C922DC90F8}.Debug|Any CPU.Build.0 = Debug|Any CPU
		{5B738A43-576B-4CC5-9334-15C922DC90F8}.Release|Any CPU.ActiveCfg = Release|Any CPU
		{5B738A43-576B-4CC5-9334-15C922DC90F8}.Release|Any CPU.Build.0 = Release|Any CPU
		{66F91F24-2DDD-4994-94AB-3C3506F66B4D}.Debug|Any CPU.ActiveCfg = Debug|Any CPU
		{66F91F24-2DDD-4994-94AB-3C3506F66B4D}.Debug|Any CPU.Build.0 = Debug|Any CPU
		{66F91F24-2DDD-4994-94AB-3C3506F66B4D}.Release|Any CPU.ActiveCfg = Release|Any CPU
		{66F91F24-2DDD-4994-94AB-3C3506F66B4D}.Release|Any CPU.Build.0 = Release|Any CPU
		{E5E983EE-B8EE-4A07-B496-66EB19A2FCB0}.Debug|Any CPU.ActiveCfg = Debug|Any CPU
		{E5E983EE-B8EE-4A07-B496-66EB19A2FCB0}.Debug|Any CPU.Build.0 = Debug|Any CPU
		{E5E983EE-B8EE-4A07-B496-66EB19A2FCB0}.Release|Any CPU.ActiveCfg = Release|Any CPU
		{E5E983EE-B8EE-4A07-B496-66EB19A2FCB0}.Release|Any CPU.Build.0 = Release|Any CPU
		{F5B6E088-BD5F-436F-95E9-D2D765DB83AF}.Debug|Any CPU.ActiveCfg = Debug|Any CPU
		{F5B6E088-BD5F-436F-95E9-D2D765DB83AF}.Debug|Any CPU.Build.0 = Debug|Any CPU
		{F5B6E088-BD5F-436F-95E9-D2D765DB83AF}.Release|Any CPU.ActiveCfg = Release|Any CPU
		{F5B6E088-BD5F-436F-95E9-D2D765DB83AF}.Release|Any CPU.Build.0 = Release|Any CPU
		{75713D60-01FE-4487-A086-E78E809BFD61}.Debug|Any CPU.ActiveCfg = Debug|Any CPU
		{75713D60-01FE-4487-A086-E78E809BFD61}.Debug|Any CPU.Build.0 = Debug|Any CPU
		{75713D60-01FE-4487-A086-E78E809BFD61}.Release|Any CPU.ActiveCfg = Release|Any CPU
		{75713D60-01FE-4487-A086-E78E809BFD61}.Release|Any CPU.Build.0 = Release|Any CPU
		{D7667F3F-DEC2-4563-928C-DD0E7086FA03}.Debug|Any CPU.ActiveCfg = Debug|Any CPU
		{D7667F3F-DEC2-4563-928C-DD0E7086FA03}.Debug|Any CPU.Build.0 = Debug|Any CPU
		{D7667F3F-DEC2-4563-928C-DD0E7086FA03}.Release|Any CPU.ActiveCfg = Release|Any CPU
		{D7667F3F-DEC2-4563-928C-DD0E7086FA03}.Release|Any CPU.Build.0 = Release|Any CPU
		{55E27C31-A296-412A-A97C-5604183014DB}.Debug|Any CPU.ActiveCfg = Debug|Any CPU
		{55E27C31-A296-412A-A97C-5604183014DB}.Debug|Any CPU.Build.0 = Debug|Any CPU
		{55E27C31-A296-412A-A97C-5604183014DB}.Release|Any CPU.ActiveCfg = Release|Any CPU
		{55E27C31-A296-412A-A97C-5604183014DB}.Release|Any CPU.Build.0 = Release|Any CPU
		{AA43DBE6-55F1-412C-BCCA-AD81BA808951}.Debug|Any CPU.ActiveCfg = Debug|Any CPU
		{AA43DBE6-55F1-412C-BCCA-AD81BA808951}.Debug|Any CPU.Build.0 = Debug|Any CPU
		{AA43DBE6-55F1-412C-BCCA-AD81BA808951}.Release|Any CPU.ActiveCfg = Release|Any CPU
		{AA43DBE6-55F1-412C-BCCA-AD81BA808951}.Release|Any CPU.Build.0 = Release|Any CPU
		{31BC16FB-62A3-4A15-B313-EE57D92FF4F5}.Debug|Any CPU.ActiveCfg = Debug|Any CPU
		{31BC16FB-62A3-4A15-B313-EE57D92FF4F5}.Debug|Any CPU.Build.0 = Debug|Any CPU
		{31BC16FB-62A3-4A15-B313-EE57D92FF4F5}.Release|Any CPU.ActiveCfg = Release|Any CPU
		{31BC16FB-62A3-4A15-B313-EE57D92FF4F5}.Release|Any CPU.Build.0 = Release|Any CPU
		{29449223-7D5D-4F7D-AA4C-D5B1C68C6F63}.Debug|Any CPU.ActiveCfg = Debug|Any CPU
		{29449223-7D5D-4F7D-AA4C-D5B1C68C6F63}.Debug|Any CPU.Build.0 = Debug|Any CPU
		{29449223-7D5D-4F7D-AA4C-D5B1C68C6F63}.Release|Any CPU.ActiveCfg = Release|Any CPU
		{29449223-7D5D-4F7D-AA4C-D5B1C68C6F63}.Release|Any CPU.Build.0 = Release|Any CPU
		{EB3FB593-1A7B-4504-B8AB-397D3B3F9D41}.Debug|Any CPU.ActiveCfg = Debug|Any CPU
		{EB3FB593-1A7B-4504-B8AB-397D3B3F9D41}.Debug|Any CPU.Build.0 = Debug|Any CPU
		{EB3FB593-1A7B-4504-B8AB-397D3B3F9D41}.Release|Any CPU.ActiveCfg = Release|Any CPU
		{EB3FB593-1A7B-4504-B8AB-397D3B3F9D41}.Release|Any CPU.Build.0 = Release|Any CPU
		{FEDA3A99-B2F3-4443-9AEC-4E3362578565}.Debug|Any CPU.ActiveCfg = Debug|Any CPU
		{FEDA3A99-B2F3-4443-9AEC-4E3362578565}.Debug|Any CPU.Build.0 = Debug|Any CPU
		{FEDA3A99-B2F3-4443-9AEC-4E3362578565}.Release|Any CPU.ActiveCfg = Release|Any CPU
		{FEDA3A99-B2F3-4443-9AEC-4E3362578565}.Release|Any CPU.Build.0 = Release|Any CPU
		{CE45CCF3-DD34-488D-B3AB-E7D84E8D8D63}.Debug|Any CPU.ActiveCfg = Debug|Any CPU
		{CE45CCF3-DD34-488D-B3AB-E7D84E8D8D63}.Debug|Any CPU.Build.0 = Debug|Any CPU
		{CE45CCF3-DD34-488D-B3AB-E7D84E8D8D63}.Release|Any CPU.ActiveCfg = Release|Any CPU
		{CE45CCF3-DD34-488D-B3AB-E7D84E8D8D63}.Release|Any CPU.Build.0 = Release|Any CPU
		{EB739C78-572E-453A-95BE-9EF97B691BCA}.Debug|Any CPU.ActiveCfg = Debug|Any CPU
		{EB739C78-572E-453A-95BE-9EF97B691BCA}.Debug|Any CPU.Build.0 = Debug|Any CPU
		{EB739C78-572E-453A-95BE-9EF97B691BCA}.Release|Any CPU.ActiveCfg = Release|Any CPU
		{EB739C78-572E-453A-95BE-9EF97B691BCA}.Release|Any CPU.Build.0 = Release|Any CPU
		{A860B6C0-30D3-4808-BBF6-49B9FEAFF34A}.Debug|Any CPU.ActiveCfg = Debug|Any CPU
		{A860B6C0-30D3-4808-BBF6-49B9FEAFF34A}.Debug|Any CPU.Build.0 = Debug|Any CPU
		{A860B6C0-30D3-4808-BBF6-49B9FEAFF34A}.Release|Any CPU.ActiveCfg = Release|Any CPU
		{A860B6C0-30D3-4808-BBF6-49B9FEAFF34A}.Release|Any CPU.Build.0 = Release|Any CPU
		{2FCAD827-F8F9-49DA-9519-5BE439D31A1C}.Debug|Any CPU.ActiveCfg = Debug|Any CPU
		{2FCAD827-F8F9-49DA-9519-5BE439D31A1C}.Debug|Any CPU.Build.0 = Debug|Any CPU
		{2FCAD827-F8F9-49DA-9519-5BE439D31A1C}.Release|Any CPU.ActiveCfg = Release|Any CPU
		{2FCAD827-F8F9-49DA-9519-5BE439D31A1C}.Release|Any CPU.Build.0 = Release|Any CPU
		{5176CC78-2F4F-4939-993D-B25BA485E348}.Debug|Any CPU.ActiveCfg = Debug|Any CPU
		{5176CC78-2F4F-4939-993D-B25BA485E348}.Debug|Any CPU.Build.0 = Debug|Any CPU
		{5176CC78-2F4F-4939-993D-B25BA485E348}.Release|Any CPU.ActiveCfg = Release|Any CPU
		{5176CC78-2F4F-4939-993D-B25BA485E348}.Release|Any CPU.Build.0 = Release|Any CPU
		{467CEF7E-CF70-486A-924C-B2323E0BC655}.Debug|Any CPU.ActiveCfg = Debug|Any CPU
		{467CEF7E-CF70-486A-924C-B2323E0BC655}.Debug|Any CPU.Build.0 = Debug|Any CPU
		{467CEF7E-CF70-486A-924C-B2323E0BC655}.Release|Any CPU.ActiveCfg = Release|Any CPU
		{467CEF7E-CF70-486A-924C-B2323E0BC655}.Release|Any CPU.Build.0 = Release|Any CPU
		{1CD80CF1-81CA-40DF-A2A7-CB7A7EFCDF98}.Debug|Any CPU.ActiveCfg = Debug|Any CPU
		{1CD80CF1-81CA-40DF-A2A7-CB7A7EFCDF98}.Debug|Any CPU.Build.0 = Debug|Any CPU
		{1CD80CF1-81CA-40DF-A2A7-CB7A7EFCDF98}.Release|Any CPU.ActiveCfg = Release|Any CPU
		{1CD80CF1-81CA-40DF-A2A7-CB7A7EFCDF98}.Release|Any CPU.Build.0 = Release|Any CPU
		{C50784A4-C4A3-4DCC-B944-B25D916B09D8}.Debug|Any CPU.ActiveCfg = Debug|Any CPU
		{C50784A4-C4A3-4DCC-B944-B25D916B09D8}.Debug|Any CPU.Build.0 = Debug|Any CPU
		{C50784A4-C4A3-4DCC-B944-B25D916B09D8}.Release|Any CPU.ActiveCfg = Release|Any CPU
		{C50784A4-C4A3-4DCC-B944-B25D916B09D8}.Release|Any CPU.Build.0 = Release|Any CPU
		{1272120B-497D-4C21-9964-7808CCC18E2B}.Debug|Any CPU.ActiveCfg = Debug|Any CPU
		{1272120B-497D-4C21-9964-7808CCC18E2B}.Debug|Any CPU.Build.0 = Debug|Any CPU
		{1272120B-497D-4C21-9964-7808CCC18E2B}.Release|Any CPU.ActiveCfg = Release|Any CPU
		{1272120B-497D-4C21-9964-7808CCC18E2B}.Release|Any CPU.Build.0 = Release|Any CPU
		{F3B9546A-8AAE-4929-8A70-85301FDA2162}.Debug|Any CPU.ActiveCfg = Debug|Any CPU
		{F3B9546A-8AAE-4929-8A70-85301FDA2162}.Debug|Any CPU.Build.0 = Debug|Any CPU
		{F3B9546A-8AAE-4929-8A70-85301FDA2162}.Release|Any CPU.ActiveCfg = Release|Any CPU
		{F3B9546A-8AAE-4929-8A70-85301FDA2162}.Release|Any CPU.Build.0 = Release|Any CPU
		{F5572C8F-FB22-493D-AC5C-7BC214D87C39}.Debug|Any CPU.ActiveCfg = Debug|Any CPU
		{F5572C8F-FB22-493D-AC5C-7BC214D87C39}.Debug|Any CPU.Build.0 = Debug|Any CPU
		{F5572C8F-FB22-493D-AC5C-7BC214D87C39}.Release|Any CPU.ActiveCfg = Release|Any CPU
		{F5572C8F-FB22-493D-AC5C-7BC214D87C39}.Release|Any CPU.Build.0 = Release|Any CPU
		{A196E95B-396B-46B3-8900-3E40E2092FA1}.Debug|Any CPU.ActiveCfg = Debug|Any CPU
		{A196E95B-396B-46B3-8900-3E40E2092FA1}.Debug|Any CPU.Build.0 = Debug|Any CPU
		{A196E95B-396B-46B3-8900-3E40E2092FA1}.Release|Any CPU.ActiveCfg = Release|Any CPU
		{A196E95B-396B-46B3-8900-3E40E2092FA1}.Release|Any CPU.Build.0 = Release|Any CPU
		{80B2F2B4-4C85-49CB-9521-ACFC80B72A5B}.Debug|Any CPU.ActiveCfg = Debug|Any CPU
		{80B2F2B4-4C85-49CB-9521-ACFC80B72A5B}.Debug|Any CPU.Build.0 = Debug|Any CPU
		{80B2F2B4-4C85-49CB-9521-ACFC80B72A5B}.Release|Any CPU.ActiveCfg = Release|Any CPU
		{80B2F2B4-4C85-49CB-9521-ACFC80B72A5B}.Release|Any CPU.Build.0 = Release|Any CPU
		{1486553C-C425-49B4-A582-C9448DAF8FBA}.Debug|Any CPU.ActiveCfg = Debug|Any CPU
		{1486553C-C425-49B4-A582-C9448DAF8FBA}.Debug|Any CPU.Build.0 = Debug|Any CPU
		{1486553C-C425-49B4-A582-C9448DAF8FBA}.Release|Any CPU.ActiveCfg = Release|Any CPU
		{1486553C-C425-49B4-A582-C9448DAF8FBA}.Release|Any CPU.Build.0 = Release|Any CPU
		{87E9E2DB-0D0B-4F6E-9940-51B69A70CE3F}.Debug|Any CPU.ActiveCfg = Debug|Any CPU
		{87E9E2DB-0D0B-4F6E-9940-51B69A70CE3F}.Debug|Any CPU.Build.0 = Debug|Any CPU
		{87E9E2DB-0D0B-4F6E-9940-51B69A70CE3F}.Release|Any CPU.ActiveCfg = Release|Any CPU
		{87E9E2DB-0D0B-4F6E-9940-51B69A70CE3F}.Release|Any CPU.Build.0 = Release|Any CPU
		{7A586975-9714-4D35-ABDA-7B81D18CAF2B}.Debug|Any CPU.ActiveCfg = Debug|Any CPU
		{7A586975-9714-4D35-ABDA-7B81D18CAF2B}.Debug|Any CPU.Build.0 = Debug|Any CPU
		{7A586975-9714-4D35-ABDA-7B81D18CAF2B}.Release|Any CPU.ActiveCfg = Release|Any CPU
		{7A586975-9714-4D35-ABDA-7B81D18CAF2B}.Release|Any CPU.Build.0 = Release|Any CPU
		{CB4A3BAE-001B-4D66-8C7B-58E35E7224C8}.Debug|Any CPU.ActiveCfg = Debug|Any CPU
		{CB4A3BAE-001B-4D66-8C7B-58E35E7224C8}.Debug|Any CPU.Build.0 = Debug|Any CPU
		{CB4A3BAE-001B-4D66-8C7B-58E35E7224C8}.Release|Any CPU.ActiveCfg = Release|Any CPU
		{CB4A3BAE-001B-4D66-8C7B-58E35E7224C8}.Release|Any CPU.Build.0 = Release|Any CPU
		{02136177-E001-484A-9452-98E6A5BE6806}.Debug|Any CPU.ActiveCfg = Debug|Any CPU
		{02136177-E001-484A-9452-98E6A5BE6806}.Debug|Any CPU.Build.0 = Debug|Any CPU
		{02136177-E001-484A-9452-98E6A5BE6806}.Release|Any CPU.ActiveCfg = Release|Any CPU
		{02136177-E001-484A-9452-98E6A5BE6806}.Release|Any CPU.Build.0 = Release|Any CPU
		{9DB34C97-7196-4BD9-84F9-F2A68803B9C6}.Debug|Any CPU.ActiveCfg = Debug|Any CPU
		{9DB34C97-7196-4BD9-84F9-F2A68803B9C6}.Debug|Any CPU.Build.0 = Debug|Any CPU
		{9DB34C97-7196-4BD9-84F9-F2A68803B9C6}.Release|Any CPU.ActiveCfg = Release|Any CPU
		{9DB34C97-7196-4BD9-84F9-F2A68803B9C6}.Release|Any CPU.Build.0 = Release|Any CPU
		{D90E4644-21FC-4072-B053-5BD1057F80CA}.Debug|Any CPU.ActiveCfg = Debug|Any CPU
		{D90E4644-21FC-4072-B053-5BD1057F80CA}.Debug|Any CPU.Build.0 = Debug|Any CPU
		{D90E4644-21FC-4072-B053-5BD1057F80CA}.Release|Any CPU.ActiveCfg = Release|Any CPU
		{D90E4644-21FC-4072-B053-5BD1057F80CA}.Release|Any CPU.Build.0 = Release|Any CPU
		{F2A10CCC-19D3-4189-A14F-A0B584280A9F}.Debug|Any CPU.ActiveCfg = Debug|Any CPU
		{F2A10CCC-19D3-4189-A14F-A0B584280A9F}.Debug|Any CPU.Build.0 = Debug|Any CPU
		{F2A10CCC-19D3-4189-A14F-A0B584280A9F}.Release|Any CPU.ActiveCfg = Release|Any CPU
		{F2A10CCC-19D3-4189-A14F-A0B584280A9F}.Release|Any CPU.Build.0 = Release|Any CPU
		{790FBCE4-F5E4-4535-A6D9-01F26D1492B6}.Debug|Any CPU.ActiveCfg = Debug|Any CPU
		{790FBCE4-F5E4-4535-A6D9-01F26D1492B6}.Debug|Any CPU.Build.0 = Debug|Any CPU
		{790FBCE4-F5E4-4535-A6D9-01F26D1492B6}.Release|Any CPU.ActiveCfg = Release|Any CPU
		{790FBCE4-F5E4-4535-A6D9-01F26D1492B6}.Release|Any CPU.Build.0 = Release|Any CPU
		{2A970E29-8022-45E0-BAF2-438FF47F95EB}.Debug|Any CPU.ActiveCfg = Debug|Any CPU
		{2A970E29-8022-45E0-BAF2-438FF47F95EB}.Debug|Any CPU.Build.0 = Debug|Any CPU
		{2A970E29-8022-45E0-BAF2-438FF47F95EB}.Release|Any CPU.ActiveCfg = Release|Any CPU
		{2A970E29-8022-45E0-BAF2-438FF47F95EB}.Release|Any CPU.Build.0 = Release|Any CPU
		{6FC494CB-526B-48B4-8B5C-CEEB4270AFE1}.Debug|Any CPU.ActiveCfg = Debug|Any CPU
		{6FC494CB-526B-48B4-8B5C-CEEB4270AFE1}.Debug|Any CPU.Build.0 = Debug|Any CPU
		{6FC494CB-526B-48B4-8B5C-CEEB4270AFE1}.Release|Any CPU.ActiveCfg = Release|Any CPU
		{6FC494CB-526B-48B4-8B5C-CEEB4270AFE1}.Release|Any CPU.Build.0 = Release|Any CPU
		{F17BFB76-69E8-42A8-9C72-5846887863AE}.Debug|Any CPU.ActiveCfg = Debug|Any CPU
		{F17BFB76-69E8-42A8-9C72-5846887863AE}.Debug|Any CPU.Build.0 = Debug|Any CPU
		{F17BFB76-69E8-42A8-9C72-5846887863AE}.Release|Any CPU.ActiveCfg = Release|Any CPU
		{F17BFB76-69E8-42A8-9C72-5846887863AE}.Release|Any CPU.Build.0 = Release|Any CPU
		{5962EA00-0EF3-49C2-AE02-C209BE37237D}.Debug|Any CPU.ActiveCfg = Debug|Any CPU
		{5962EA00-0EF3-49C2-AE02-C209BE37237D}.Debug|Any CPU.Build.0 = Debug|Any CPU
		{5962EA00-0EF3-49C2-AE02-C209BE37237D}.Release|Any CPU.ActiveCfg = Release|Any CPU
		{5962EA00-0EF3-49C2-AE02-C209BE37237D}.Release|Any CPU.Build.0 = Release|Any CPU
		{519E2B69-4583-4A77-8EB9-7536D5056683}.Debug|Any CPU.ActiveCfg = Debug|Any CPU
		{519E2B69-4583-4A77-8EB9-7536D5056683}.Debug|Any CPU.Build.0 = Debug|Any CPU
		{519E2B69-4583-4A77-8EB9-7536D5056683}.Release|Any CPU.ActiveCfg = Release|Any CPU
		{519E2B69-4583-4A77-8EB9-7536D5056683}.Release|Any CPU.Build.0 = Release|Any CPU
		{96431C41-0348-440C-AA23-B1E646934DB1}.Debug|Any CPU.ActiveCfg = Debug|Any CPU
		{96431C41-0348-440C-AA23-B1E646934DB1}.Debug|Any CPU.Build.0 = Debug|Any CPU
		{96431C41-0348-440C-AA23-B1E646934DB1}.Release|Any CPU.ActiveCfg = Release|Any CPU
		{96431C41-0348-440C-AA23-B1E646934DB1}.Release|Any CPU.Build.0 = Release|Any CPU
		{39F9098F-E615-40B1-B27C-ED248F37B56B}.Debug|Any CPU.ActiveCfg = Debug|Any CPU
		{39F9098F-E615-40B1-B27C-ED248F37B56B}.Debug|Any CPU.Build.0 = Debug|Any CPU
		{39F9098F-E615-40B1-B27C-ED248F37B56B}.Release|Any CPU.ActiveCfg = Release|Any CPU
		{39F9098F-E615-40B1-B27C-ED248F37B56B}.Release|Any CPU.Build.0 = Release|Any CPU
		{B6062EF3-BB3F-4C9B-9908-8DDAF9677697}.Debug|Any CPU.ActiveCfg = Debug|Any CPU
		{B6062EF3-BB3F-4C9B-9908-8DDAF9677697}.Debug|Any CPU.Build.0 = Debug|Any CPU
		{B6062EF3-BB3F-4C9B-9908-8DDAF9677697}.Release|Any CPU.ActiveCfg = Release|Any CPU
		{B6062EF3-BB3F-4C9B-9908-8DDAF9677697}.Release|Any CPU.Build.0 = Release|Any CPU
		{A3E5F797-C857-4739-B3F6-E4B74E5984CF}.Debug|Any CPU.ActiveCfg = Debug|Any CPU
		{A3E5F797-C857-4739-B3F6-E4B74E5984CF}.Debug|Any CPU.Build.0 = Debug|Any CPU
		{A3E5F797-C857-4739-B3F6-E4B74E5984CF}.Release|Any CPU.ActiveCfg = Release|Any CPU
		{A3E5F797-C857-4739-B3F6-E4B74E5984CF}.Release|Any CPU.Build.0 = Release|Any CPU
		{F3C3DC21-26C4-4AA1-9646-1FB1806B2FE8}.Debug|Any CPU.ActiveCfg = Debug|Any CPU
		{F3C3DC21-26C4-4AA1-9646-1FB1806B2FE8}.Debug|Any CPU.Build.0 = Debug|Any CPU
		{F3C3DC21-26C4-4AA1-9646-1FB1806B2FE8}.Release|Any CPU.ActiveCfg = Release|Any CPU
		{F3C3DC21-26C4-4AA1-9646-1FB1806B2FE8}.Release|Any CPU.Build.0 = Release|Any CPU
		{35FBA12C-02F2-445A-8A7B-396B97895CCA}.Debug|Any CPU.ActiveCfg = Debug|Any CPU
		{35FBA12C-02F2-445A-8A7B-396B97895CCA}.Debug|Any CPU.Build.0 = Debug|Any CPU
		{35FBA12C-02F2-445A-8A7B-396B97895CCA}.Release|Any CPU.ActiveCfg = Release|Any CPU
		{35FBA12C-02F2-445A-8A7B-396B97895CCA}.Release|Any CPU.Build.0 = Release|Any CPU
		{6AD84AD5-6D45-4EF0-80C1-70E03A396710}.Debug|Any CPU.ActiveCfg = Debug|Any CPU
		{6AD84AD5-6D45-4EF0-80C1-70E03A396710}.Debug|Any CPU.Build.0 = Debug|Any CPU
		{6AD84AD5-6D45-4EF0-80C1-70E03A396710}.Release|Any CPU.ActiveCfg = Release|Any CPU
		{6AD84AD5-6D45-4EF0-80C1-70E03A396710}.Release|Any CPU.Build.0 = Release|Any CPU
		{D84053C8-F542-4AE6-8CB2-2AF48501EE27}.Debug|Any CPU.ActiveCfg = Debug|Any CPU
		{D84053C8-F542-4AE6-8CB2-2AF48501EE27}.Debug|Any CPU.Build.0 = Debug|Any CPU
		{D84053C8-F542-4AE6-8CB2-2AF48501EE27}.Release|Any CPU.ActiveCfg = Release|Any CPU
		{D84053C8-F542-4AE6-8CB2-2AF48501EE27}.Release|Any CPU.Build.0 = Release|Any CPU
		{C2D9D8AA-753E-40C3-8800-09674F79AF42}.Debug|Any CPU.ActiveCfg = Debug|Any CPU
		{C2D9D8AA-753E-40C3-8800-09674F79AF42}.Debug|Any CPU.Build.0 = Debug|Any CPU
		{C2D9D8AA-753E-40C3-8800-09674F79AF42}.Release|Any CPU.ActiveCfg = Release|Any CPU
		{C2D9D8AA-753E-40C3-8800-09674F79AF42}.Release|Any CPU.Build.0 = Release|Any CPU
		{5BB4276E-BF17-43B2-9AE9-014F575EC826}.Debug|Any CPU.ActiveCfg = Debug|Any CPU
		{5BB4276E-BF17-43B2-9AE9-014F575EC826}.Debug|Any CPU.Build.0 = Debug|Any CPU
		{5BB4276E-BF17-43B2-9AE9-014F575EC826}.Release|Any CPU.ActiveCfg = Release|Any CPU
		{5BB4276E-BF17-43B2-9AE9-014F575EC826}.Release|Any CPU.Build.0 = Release|Any CPU
		{833C0B1E-C4CA-4D69-BD2F-60AAFB544664}.Debug|Any CPU.ActiveCfg = Debug|Any CPU
		{833C0B1E-C4CA-4D69-BD2F-60AAFB544664}.Debug|Any CPU.Build.0 = Debug|Any CPU
		{833C0B1E-C4CA-4D69-BD2F-60AAFB544664}.Release|Any CPU.ActiveCfg = Release|Any CPU
		{833C0B1E-C4CA-4D69-BD2F-60AAFB544664}.Release|Any CPU.Build.0 = Release|Any CPU
		{6B6EC252-C3B8-4420-9FA1-6CD62F68B467}.Debug|Any CPU.ActiveCfg = Debug|Any CPU
		{6B6EC252-C3B8-4420-9FA1-6CD62F68B467}.Debug|Any CPU.Build.0 = Debug|Any CPU
		{6B6EC252-C3B8-4420-9FA1-6CD62F68B467}.Release|Any CPU.ActiveCfg = Release|Any CPU
		{6B6EC252-C3B8-4420-9FA1-6CD62F68B467}.Release|Any CPU.Build.0 = Release|Any CPU
		{7BE4695E-CAB7-48DC-A05F-BFDC87DCF72A}.Debug|Any CPU.ActiveCfg = Debug|Any CPU
		{7BE4695E-CAB7-48DC-A05F-BFDC87DCF72A}.Debug|Any CPU.Build.0 = Debug|Any CPU
		{7BE4695E-CAB7-48DC-A05F-BFDC87DCF72A}.Release|Any CPU.ActiveCfg = Release|Any CPU
		{7BE4695E-CAB7-48DC-A05F-BFDC87DCF72A}.Release|Any CPU.Build.0 = Release|Any CPU
	EndGlobalSection
	GlobalSection(SolutionProperties) = preSolution
		HideSolutionNode = FALSE
	EndGlobalSection
	GlobalSection(NestedProjects) = preSolution
		{05ABA8C7-E9FF-4DD2-9FA7-C17A37174890} = {02EA681E-C7D8-13C7-8484-4AC65E1B71E8}
		{9FF00240-FCE5-4DD9-ABF2-A6CD8D667353} = {02EA681E-C7D8-13C7-8484-4AC65E1B71E8}
		{A02AC7E2-76E4-4DDD-B151-98DB73F8DBAB} = {02EA681E-C7D8-13C7-8484-4AC65E1B71E8}
		{A00A6964-65AB-4584-AFAD-1AEA5EFD878F} = {02EA681E-C7D8-13C7-8484-4AC65E1B71E8}
		{AC4635B1-B156-4A96-B141-372E28A20F98} = {02EA681E-C7D8-13C7-8484-4AC65E1B71E8}
		{8ABAB9D7-20A9-469A-AD00-96DE795E3F9E} = {E7119185-2B39-4848-BF87-27E3042AF4D2}
		{79C32A23-6A17-4593-A18A-82F87A538E6B} = {E7119185-2B39-4848-BF87-27E3042AF4D2}
		{0BEB6A2F-E2B9-4783-85AB-F47A24847F68} = {E7119185-2B39-4848-BF87-27E3042AF4D2}
		{D7839E04-DF9D-491A-A914-8E246EC598F8} = {E7119185-2B39-4848-BF87-27E3042AF4D2}
		{A9AF82E8-2DFE-4485-819D-2D0BDE9032F2} = {E7119185-2B39-4848-BF87-27E3042AF4D2}
		{3A5A1998-8052-46DB-9B01-47E15DAABFB3} = {44D69B34-3F71-4771-BE9A-9F3B2748A7E5}
		{0548CD78-7ED9-496B-9CD0-ECB9627C652C} = {44D69B34-3F71-4771-BE9A-9F3B2748A7E5}
		{A59F1EFC-5A0F-4802-9E10-35C5A54EAE66} = {44D69B34-3F71-4771-BE9A-9F3B2748A7E5}
		{8301249F-07ED-4853-9530-8B88A0D200D3} = {44D69B34-3F71-4771-BE9A-9F3B2748A7E5}
		{0137C3EF-F712-49B2-B235-E1F0D6E2267F} = {44D69B34-3F71-4771-BE9A-9F3B2748A7E5}
		{F6F2D67E-2C9E-41F3-BB60-74D6FFB5B10E} = {283F9E55-B6CA-4D21-82DE-A0B678F398F0}
		{9E3F3C48-D2FC-4EBF-AACF-D3FB9938B70D} = {283F9E55-B6CA-4D21-82DE-A0B678F398F0}
		{1040119F-D0F5-46FB-AD19-F0EFE69892F3} = {283F9E55-B6CA-4D21-82DE-A0B678F398F0}
		{0CBBEE94-47C5-4ECD-B51D-B2C628FA3E79} = {283F9E55-B6CA-4D21-82DE-A0B678F398F0}
		{B5011900-618E-4784-BAC4-B2ECAA5390B0} = {283F9E55-B6CA-4D21-82DE-A0B678F398F0}
		{A4F268B4-2CCF-46CD-86F2-696049332D24} = {9C4E544F-64C9-433C-8325-13C437BACDD4}
		{B1D6C0F5-25DC-4E8F-96F9-1B029686E432} = {9C4E544F-64C9-433C-8325-13C437BACDD4}
		{E0E04C26-6BD7-479B-8A7F-2E8AAC86A276} = {9C4E544F-64C9-433C-8325-13C437BACDD4}
		{5B738A43-576B-4CC5-9334-15C922DC90F8} = {9C4E544F-64C9-433C-8325-13C437BACDD4}
		{66F91F24-2DDD-4994-94AB-3C3506F66B4D} = {9C4E544F-64C9-433C-8325-13C437BACDD4}
		{E5E983EE-B8EE-4A07-B496-66EB19A2FCB0} = {B6F98B93-5A32-40A2-B6FC-6DCF59E4BDF5}
		{F5B6E088-BD5F-436F-95E9-D2D765DB83AF} = {B6F98B93-5A32-40A2-B6FC-6DCF59E4BDF5}
		{75713D60-01FE-4487-A086-E78E809BFD61} = {B6F98B93-5A32-40A2-B6FC-6DCF59E4BDF5}
		{D7667F3F-DEC2-4563-928C-DD0E7086FA03} = {B6F98B93-5A32-40A2-B6FC-6DCF59E4BDF5}
		{55E27C31-A296-412A-A97C-5604183014DB} = {B6F98B93-5A32-40A2-B6FC-6DCF59E4BDF5}
		{AA43DBE6-55F1-412C-BCCA-AD81BA808951} = {7AA501CE-3721-406D-BD09-5BB4AFB0AD59}
		{31BC16FB-62A3-4A15-B313-EE57D92FF4F5} = {7AA501CE-3721-406D-BD09-5BB4AFB0AD59}
		{29449223-7D5D-4F7D-AA4C-D5B1C68C6F63} = {7AA501CE-3721-406D-BD09-5BB4AFB0AD59}
		{EB3FB593-1A7B-4504-B8AB-397D3B3F9D41} = {7AA501CE-3721-406D-BD09-5BB4AFB0AD59}
		{FEDA3A99-B2F3-4443-9AEC-4E3362578565} = {7AA501CE-3721-406D-BD09-5BB4AFB0AD59}
		{CE45CCF3-DD34-488D-B3AB-E7D84E8D8D63} = {D6A04F0F-BF28-4E27-A48B-F747338EF702}
		{EB739C78-572E-453A-95BE-9EF97B691BCA} = {D6A04F0F-BF28-4E27-A48B-F747338EF702}
		{A860B6C0-30D3-4808-BBF6-49B9FEAFF34A} = {D6A04F0F-BF28-4E27-A48B-F747338EF702}
		{2FCAD827-F8F9-49DA-9519-5BE439D31A1C} = {D6A04F0F-BF28-4E27-A48B-F747338EF702}
		{5176CC78-2F4F-4939-993D-B25BA485E348} = {D6A04F0F-BF28-4E27-A48B-F747338EF702}
		{467CEF7E-CF70-486A-924C-B2323E0BC655} = {12AA20B3-EC84-40E7-B9A5-A58B3EC75C90}
		{1CD80CF1-81CA-40DF-A2A7-CB7A7EFCDF98} = {12AA20B3-EC84-40E7-B9A5-A58B3EC75C90}
		{C50784A4-C4A3-4DCC-B944-B25D916B09D8} = {12AA20B3-EC84-40E7-B9A5-A58B3EC75C90}
		{1272120B-497D-4C21-9964-7808CCC18E2B} = {12AA20B3-EC84-40E7-B9A5-A58B3EC75C90}
		{F3B9546A-8AAE-4929-8A70-85301FDA2162} = {12AA20B3-EC84-40E7-B9A5-A58B3EC75C90}
		{F5572C8F-FB22-493D-AC5C-7BC214D87C39} = {479DFBCA-BD27-454F-8628-19E1E9B62A8D}
		{A196E95B-396B-46B3-8900-3E40E2092FA1} = {479DFBCA-BD27-454F-8628-19E1E9B62A8D}
		{80B2F2B4-4C85-49CB-9521-ACFC80B72A5B} = {479DFBCA-BD27-454F-8628-19E1E9B62A8D}
		{1486553C-C425-49B4-A582-C9448DAF8FBA} = {479DFBCA-BD27-454F-8628-19E1E9B62A8D}
		{87E9E2DB-0D0B-4F6E-9940-51B69A70CE3F} = {479DFBCA-BD27-454F-8628-19E1E9B62A8D}
		{7A586975-9714-4D35-ABDA-7B81D18CAF2B} = {BEF76450-13CF-4503-9229-456D1FC1B3F1}
		{CB4A3BAE-001B-4D66-8C7B-58E35E7224C8} = {BEF76450-13CF-4503-9229-456D1FC1B3F1}
		{02136177-E001-484A-9452-98E6A5BE6806} = {BEF76450-13CF-4503-9229-456D1FC1B3F1}
		{9DB34C97-7196-4BD9-84F9-F2A68803B9C6} = {BEF76450-13CF-4503-9229-456D1FC1B3F1}
		{D90E4644-21FC-4072-B053-5BD1057F80CA} = {BEF76450-13CF-4503-9229-456D1FC1B3F1}
		{F2A10CCC-19D3-4189-A14F-A0B584280A9F} = {CD2A0965-3CF7-4A10-B431-931D7EF82C7D}
		{790FBCE4-F5E4-4535-A6D9-01F26D1492B6} = {CD2A0965-3CF7-4A10-B431-931D7EF82C7D}
		{2A970E29-8022-45E0-BAF2-438FF47F95EB} = {CD2A0965-3CF7-4A10-B431-931D7EF82C7D}
		{6FC494CB-526B-48B4-8B5C-CEEB4270AFE1} = {CD2A0965-3CF7-4A10-B431-931D7EF82C7D}
		{F17BFB76-69E8-42A8-9C72-5846887863AE} = {CD2A0965-3CF7-4A10-B431-931D7EF82C7D}
		{5962EA00-0EF3-49C2-AE02-C209BE37237D} = {CAECC708-6D51-4C6F-B5CD-867BF58D081B}
		{519E2B69-4583-4A77-8EB9-7536D5056683} = {CAECC708-6D51-4C6F-B5CD-867BF58D081B}
		{96431C41-0348-440C-AA23-B1E646934DB1} = {CAECC708-6D51-4C6F-B5CD-867BF58D081B}
		{39F9098F-E615-40B1-B27C-ED248F37B56B} = {CAECC708-6D51-4C6F-B5CD-867BF58D081B}
		{B6062EF3-BB3F-4C9B-9908-8DDAF9677697} = {CAECC708-6D51-4C6F-B5CD-867BF58D081B}
		{A3E5F797-C857-4739-B3F6-E4B74E5984CF} = {B1539F9B-B7B1-4054-A2EA-F5DFE36A0A7C}
		{F3C3DC21-26C4-4AA1-9646-1FB1806B2FE8} = {B1539F9B-B7B1-4054-A2EA-F5DFE36A0A7C}
		{35FBA12C-02F2-445A-8A7B-396B97895CCA} = {B1539F9B-B7B1-4054-A2EA-F5DFE36A0A7C}
		{6AD84AD5-6D45-4EF0-80C1-70E03A396710} = {B1539F9B-B7B1-4054-A2EA-F5DFE36A0A7C}
		{D84053C8-F542-4AE6-8CB2-2AF48501EE27} = {B1539F9B-B7B1-4054-A2EA-F5DFE36A0A7C}
		{C2D9D8AA-753E-40C3-8800-09674F79AF42} = {DDCAE00A-E75F-47EC-A82F-30071CDCCD5A}
		{5BB4276E-BF17-43B2-9AE9-014F575EC826} = {DDCAE00A-E75F-47EC-A82F-30071CDCCD5A}
		{833C0B1E-C4CA-4D69-BD2F-60AAFB544664} = {DDCAE00A-E75F-47EC-A82F-30071CDCCD5A}
		{6B6EC252-C3B8-4420-9FA1-6CD62F68B467} = {DDCAE00A-E75F-47EC-A82F-30071CDCCD5A}
		{7BE4695E-CAB7-48DC-A05F-BFDC87DCF72A} = {DDCAE00A-E75F-47EC-A82F-30071CDCCD5A}
	EndGlobalSection
	GlobalSection(ExtensibilityGlobals) = postSolution
		SolutionGuid = {EAF4F28F-0986-41C5-A297-16914908820E}
	EndGlobalSection
EndGlobal
