
Microsoft Visual Studio Solution File, Format Version 12.00
# Visual Studio Version 17
VisualStudioVersion = 17.13.35806.99
MinimumVisualStudioVersion = 10.0.40219.1
Project("{FAE04EC0-301F-11D3-BF4B-00C04F79EFBC}") = "P02_FootballBetting", "02.FootballBetting\P02_FootballBetting\P02_FootballBetting.csproj", "{82BF52DE-A0D9-43AC-9529-C38956A0D063}"
EndProject
Project("{FAE04EC0-301F-11D3-BF4B-00C04F79EFBC}") = "P02_FootballBetting.Common", "02.FootballBetting\P02_FootballBetting.Common\P02_FootballBetting.Common.csproj", "{C616240E-0C8B-4A0D-BCD3-24345D3C8516}"
EndProject
Project("{FAE04EC0-301F-11D3-BF4B-00C04F79EFBC}") = "P02_FootballBetting.Data", "02.FootballBetting\P02_FootballBetting.Data\P02_FootballBetting.Data.csproj", "{4A61D945-8DED-458E-B53D-537FF1DA514C}"
EndProject
Project("{FAE04EC0-301F-11D3-BF4B-00C04F79EFBC}") = "P02_FootballBetting.Data.Models", "02.FootballBetting\P02_FootballBetting.Data.Models\P02_FootballBetting.Data.Models.csproj", "{518167A5-2D4E-48AB-BC51-A546C5E03194}"
EndProject
Project("{2150E333-8FDC-42A3-9474-1A3956D46DE8}") = "02.FootballBetting", "02.FootballBetting", "{8DD478C6-CFC1-405A-BCA6-2725385873B9}"
EndProject
Project("{2150E333-8FDC-42A3-9474-1A3956D46DE8}") = "01.StudentSystem", "01.StudentSystem", "{7B6857B5-DEB5-49AC-AF64-C5347D0F31C2}"
EndProject
Project("{FAE04EC0-301F-11D3-BF4B-00C04F79EFBC}") = "P01_StudentSystem", "01.StudentSystem\P01_StudentSystem\P01_StudentSystem.csproj", "{316F95C7-9FB3-49F3-BF7D-20F8EB220005}"
EndProject
Project("{FAE04EC0-301F-11D3-BF4B-00C04F79EFBC}") = "P01_StudentSystem.Data", "01.StudentSystem\P01_StudentSystem.Data\P01_StudentSystem.Data.csproj", "{DE151830-ABBE-488E-9022-2BED3FCEB5CB}"
EndProject
Project("{FAE04EC0-301F-11D3-BF4B-00C04F79EFBC}") = "P01_StudentSystem.Data.Models", "01.StudentSystem\P01_StudentSystem.Data.Models\P01_StudentSystem.Data.Models.csproj", "{61F34FDE-7EB6-4633-85C3-0956D21B760B}"
EndProject
Project("{FAE04EC0-301F-11D3-BF4B-00C04F79EFBC}") = "P01_StudentSystem.Common", "01.StudentSystem\P01_StudentSystem.Common\P01_StudentSystem.Common.csproj", "{CC51F10F-F8B5-4407-A475-C642E98119F4}"
EndProject
Global
	GlobalSection(SolutionConfigurationPlatforms) = preSolution
		Debug|Any CPU = Debug|Any CPU
		Release|Any CPU = Release|Any CPU
	EndGlobalSection
	GlobalSection(ProjectConfigurationPlatforms) = postSolution
		{82BF52DE-A0D9-43AC-9529-C38956A0D063}.Debug|Any CPU.ActiveCfg = Debug|Any CPU
		{82BF52DE-A0D9-43AC-9529-C38956A0D063}.Debug|Any CPU.Build.0 = Debug|Any CPU
		{82BF52DE-A0D9-43AC-9529-C38956A0D063}.Release|Any CPU.ActiveCfg = Release|Any CPU
		{82BF52DE-A0D9-43AC-9529-C38956A0D063}.Release|Any CPU.Build.0 = Release|Any CPU
		{C616240E-0C8B-4A0D-BCD3-24345D3C8516}.Debug|Any CPU.ActiveCfg = Debug|Any CPU
		{C616240E-0C8B-4A0D-BCD3-24345D3C8516}.Debug|Any CPU.Build.0 = Debug|Any CPU
		{C616240E-0C8B-4A0D-BCD3-24345D3C8516}.Release|Any CPU.ActiveCfg = Release|Any CPU
		{C616240E-0C8B-4A0D-BCD3-24345D3C8516}.Release|Any CPU.Build.0 = Release|Any CPU
		{4A61D945-8DED-458E-B53D-537FF1DA514C}.Debug|Any CPU.ActiveCfg = Debug|Any CPU
		{4A61D945-8DED-458E-B53D-537FF1DA514C}.Debug|Any CPU.Build.0 = Debug|Any CPU
		{4A61D945-8DED-458E-B53D-537FF1DA514C}.Release|Any CPU.ActiveCfg = Release|Any CPU
		{4A61D945-8DED-458E-B53D-537FF1DA514C}.Release|Any CPU.Build.0 = Release|Any CPU
		{518167A5-2D4E-48AB-BC51-A546C5E03194}.Debug|Any CPU.ActiveCfg = Debug|Any CPU
		{518167A5-2D4E-48AB-BC51-A546C5E03194}.Debug|Any CPU.Build.0 = Debug|Any CPU
		{518167A5-2D4E-48AB-BC51-A546C5E03194}.Release|Any CPU.ActiveCfg = Release|Any CPU
		{518167A5-2D4E-48AB-BC51-A546C5E03194}.Release|Any CPU.Build.0 = Release|Any CPU
		{316F95C7-9FB3-49F3-BF7D-20F8EB220005}.Debug|Any CPU.ActiveCfg = Debug|Any CPU
		{316F95C7-9FB3-49F3-BF7D-20F8EB220005}.Debug|Any CPU.Build.0 = Debug|Any CPU
		{316F95C7-9FB3-49F3-BF7D-20F8EB220005}.Release|Any CPU.ActiveCfg = Release|Any CPU
		{316F95C7-9FB3-49F3-BF7D-20F8EB220005}.Release|Any CPU.Build.0 = Release|Any CPU
		{DE151830-ABBE-488E-9022-2BED3FCEB5CB}.Debug|Any CPU.ActiveCfg = Debug|Any CPU
		{DE151830-ABBE-488E-9022-2BED3FCEB5CB}.Debug|Any CPU.Build.0 = Debug|Any CPU
		{DE151830-ABBE-488E-9022-2BED3FCEB5CB}.Release|Any CPU.ActiveCfg = Release|Any CPU
		{DE151830-ABBE-488E-9022-2BED3FCEB5CB}.Release|Any CPU.Build.0 = Release|Any CPU
		{61F34FDE-7EB6-4633-85C3-0956D21B760B}.Debug|Any CPU.ActiveCfg = Debug|Any CPU
		{61F34FDE-7EB6-4633-85C3-0956D21B760B}.Debug|Any CPU.Build.0 = Debug|Any CPU
		{61F34FDE-7EB6-4633-85C3-0956D21B760B}.Release|Any CPU.ActiveCfg = Release|Any CPU
		{61F34FDE-7EB6-4633-85C3-0956D21B760B}.Release|Any CPU.Build.0 = Release|Any CPU
		{CC51F10F-F8B5-4407-A475-C642E98119F4}.Debug|Any CPU.ActiveCfg = Debug|Any CPU
		{CC51F10F-F8B5-4407-A475-C642E98119F4}.Debug|Any CPU.Build.0 = Debug|Any CPU
		{CC51F10F-F8B5-4407-A475-C642E98119F4}.Release|Any CPU.ActiveCfg = Release|Any CPU
		{CC51F10F-F8B5-4407-A475-C642E98119F4}.Release|Any CPU.Build.0 = Release|Any CPU
	EndGlobalSection
	GlobalSection(SolutionProperties) = preSolution
		HideSolutionNode = FALSE
	EndGlobalSection
	GlobalSection(NestedProjects) = preSolution
		{82BF52DE-A0D9-43AC-9529-C38956A0D063} = {8DD478C6-CFC1-405A-BCA6-2725385873B9}
		{C616240E-0C8B-4A0D-BCD3-24345D3C8516} = {8DD478C6-CFC1-405A-BCA6-2725385873B9}
		{4A61D945-8DED-458E-B53D-537FF1DA514C} = {8DD478C6-CFC1-405A-BCA6-2725385873B9}
		{518167A5-2D4E-48AB-BC51-A546C5E03194} = {8DD478C6-CFC1-405A-BCA6-2725385873B9}
		{316F95C7-9FB3-49F3-BF7D-20F8EB220005} = {7B6857B5-DEB5-49AC-AF64-C5347D0F31C2}
		{DE151830-ABBE-488E-9022-2BED3FCEB5CB} = {7B6857B5-DEB5-49AC-AF64-C5347D0F31C2}
		{61F34FDE-7EB6-4633-85C3-0956D21B760B} = {7B6857B5-DEB5-49AC-AF64-C5347D0F31C2}
		{CC51F10F-F8B5-4407-A475-C642E98119F4} = {7B6857B5-DEB5-49AC-AF64-C5347D0F31C2}
	EndGlobalSection
	GlobalSection(ExtensibilityGlobals) = postSolution
		SolutionGuid = {9DE44ED9-EED0-4A4E-8D2B-E56AAC019819}
	EndGlobalSection
EndGlobal
